{
  "version": 4,
  "terraform_version": "1.11.4",
  "serial": 64,
  "lineage": "c4801b8a-0f85-e94b-7f2c-8e301960c3a1",
  "outputs": {
    "alb_dns_name": {
      "value": "fhir-cmc-sponsor-alb-885507663.us-east-1.elb.amazonaws.com",
      "type": "string"
    },
    "api_fhir_domain_name": {
      "value": "api.sponsor-fhir.cmc-fhir-demo.com",
      "type": "string"
    },
    "api_gateway": {
      "value": {
        "api_endpoint": "https://p4nktcjsfa.execute-api.us-east-1.amazonaws.com",
        "api_id": "p4nktcjsfa",
        "domain_name": "api.sponsor-fhir.cmc-fhir-demo.com"
      },
      "type": [
        "object",
        {
          "api_endpoint": "string",
          "api_id": "string",
          "domain_name": "string"
        }
      ]
    },
    "certificate_arn": {
      "value": "arn:aws:acm:us-east-1:505609109431:certificate/6deb3666-649d-4458-8886-5ff4a6abd534",
      "type": "string"
    },
    "cognito_domain": {
      "value": "fhir-cmc-sponsor.auth.us-east-1.amazoncognito.com",
      "type": "string"
    },
    "cognito_frontend_client_id": {
      "value": "2ivcpn0kvg4omfordvem7ba1js",
      "type": "string"
    },
    "cognito_machine_to_machine_auth": {
      "value": {
        "client_id": "4brrn41ua6999bghklii17g7pm",
        "client_secret": "Use AWS Secrets Manager or environment variables to manage this secret",
        "grant_type": "client_credentials",
        "token_url": "https://cognito-idp.us-east-1.amazonaws.com/us-east-1_ufKh02bYc/oauth2/token"
      },
      "type": [
        "object",
        {
          "client_id": "string",
          "client_secret": "string",
          "grant_type": "string",
          "token_url": "string"
        }
      ],
      "sensitive": true
    },
    "cognito_user_pool_id": {
      "value": "us-east-1_ufKh02bYc",
      "type": "string"
    },
    "domain_name": {
      "value": "sponsor.cmc-fhir-demo.com",
      "type": "string"
    },
    "ecs_cluster_name": {
      "value": "fhir-cmc-sponsor-cluster",
      "type": "string"
    },
    "endpoints": {
      "value": {
        "api_fhir": "https://api.sponsor-fhir.cmc-fhir-demo.com/fhir",
        "backend_api": "https://sponsor.cmc-fhir-demo.com/api",
        "fhir_api": "https://sponsor-fhir.cmc-fhir-demo.com/fhir",
        "frontend_app": "https://sponsor.cmc-fhir-demo.com"
      },
      "type": [
        "object",
        {
          "api_fhir": "string",
          "backend_api": "string",
          "fhir_api": "string",
          "frontend_app": "string"
        }
      ]
    },
    "fhir_domain_name": {
      "value": "sponsor-fhir.cmc-fhir-demo.com",
      "type": "string"
    },
    "route53_record_created": {
      "value": "Created records: sponsor.cmc-fhir-demo.com and sponsor-fhir.cmc-fhir-demo.com and api.sponsor-fhir.cmc-fhir-demo.com",
      "type": "string"
    },
    "route53_zone_name": {
      "value": "cmc-fhir-demo.com",
      "type": "string"
    },
    "vpc_id": {
      "value": "vpc-03831be4ea84f9c08",
      "type": "string"
    }
  },
  "resources": [
    {
      "mode": "data",
      "type": "aws_acm_certificate",
      "name": "api_domain",
      "provider": "provider[\"registry.terraform.io/hashicorp/aws\"]",
      "instances": [
        {
          "schema_version": 0,
          "attributes": {
            "arn": "arn:aws:acm:us-east-1:505609109431:certificate/ebd8a30d-5669-41f6-b903-901916e6b595",
            "certificate": "-----BEGIN CERTIFICATE-----\nMIIF8DCCBNigAwIBAgIQCTwcE9CDTHPyG7kAmHsW0DANBgkqhkiG9w0BAQsFADA8\nMQswCQYDVQQGEwJVUzEPMA0GA1UEChMGQW1hem9uMRwwGgYDVQQDExNBbWF6b24g\nUlNBIDIwNDggTTAzMB4XDTI1MDUwNDAwMDAwMFoXDTI2MDYwMzIzNTk1OVowLTEr\nMCkGA1UEAxMiYXBpLnNwb25zb3ItZmhpci5jbWMtZmhpci1kZW1vLmNvbTCCASIw\nDQYJKoZIhvcNAQEBBQADggEPADCCAQoCggEBAOd3+Evprp/Zxa7VQV42SFWKh3R9\ne2eZQyRwsA4Qg5C7KBmtslMymHmGrGLkxeDsr7Bu22sWo2UaGAD4NPDVv7JwbGjx\nI1rpx1I/7+fktBtOa7BkXlkQvExf58NPFySYJL99Hd5akyg7Bpb0Oa0zC9Iye1lu\nO32LjmY4H2PqVBgGVNZ98zY/BWmbw/zUXgBKE5CncxF87IUWQzdhbA11n2Hjxn/v\nvsB3rD8hkAYnMrmuYEwDiHuVQe5WjjK4gxc5TIibCl/QsYK0vO1f6desZG2UENuQ\n1+1zu5dArm45Ne8qj5vGSus3bPTgqoJbmItFgNuAPSd0P3BJRXTL7HE0apECAwEA\nAaOCAvswggL3MB8GA1UdIwQYMBaAFFXZGF/SHMwB4Vi0vqvZVUIB1y4CMB0GA1Ud\nDgQWBBSaFv+ZiWAo7+lxSpUZlhzVofAlETAtBgNVHREEJjAkgiJhcGkuc3BvbnNv\nci1maGlyLmNtYy1maGlyLWRlbW8uY29tMBMGA1UdIAQMMAowCAYGZ4EMAQIBMA4G\nA1UdDwEB/wQEAwIHgDAdBgNVHSUEFjAUBggrBgEFBQcDAQYIKwYBBQUHAwIwOwYD\nVR0fBDQwMjAwoC6gLIYqaHR0cDovL2NybC5yMm0wMy5hbWF6b250cnVzdC5jb20v\ncjJtMDMuY3JsMHUGCCsGAQUFBwEBBGkwZzAtBggrBgEFBQcwAYYhaHR0cDovL29j\nc3AucjJtMDMuYW1hem9udHJ1c3QuY29tMDYGCCsGAQUFBzAChipodHRwOi8vY3J0\nLnIybTAzLmFtYXpvbnRydXN0LmNvbS9yMm0wMy5jZXIwDAYDVR0TAQH/BAIwADCC\nAX4GCisGAQQB1nkCBAIEggFuBIIBagFoAHYADleUvPOuqT4zGyyZB7P3kN+bwj1x\nMiXdIaklrGHFTiEAAAGWmULXDQAABAMARzBFAiEAyBmyxtQcIiR47ZMy03JcAURQ\nDocLbZPluMWvahS3VS0CIEHQELsrJUYwqyAizq9yAXSJ1kZQ4YL4EZl45xi952VP\nAHUAZBHEbKQS7KeJHKICLgC8q08oB9QeNSer6v7VA8l9zfAAAAGWmULXSgAABAMA\nRjBEAiAXaaKGQV2HUL6bp66VaQ6yKFsGFTb9qDXsRjo9O0hsqQIgKXG5prg1i1HG\n5A/78Z74Xm+Szoowj0YgyU/MoF8oUDwAdwBJnJtp3h187Pw23s2HZKa4W68Kh4AZ\n0VVS++nrKd34wwAAAZaZQtdhAAAEAwBIMEYCIQDT7Yi/jpVyFFGLfaIaFEmFUKGK\nA7ZaxEI4JiwLtIn/4AIhALjmvKR8l4zXNLXudYqCF9hAn5N+W8bofgvySzIC2tLR\nMA0GCSqGSIb3DQEBCwUAA4IBAQCGY1c2NNwUzYa9asJkMBdXY7lXtyNz0Wx1a/of\nu7Ezr7NDb86Ik7yQHUfGFVUoqlO4SoK2kAAdCu3DWY6fOnjTCJhEHEtU+p+q/i4F\nggtDs3+rkMi4RHhQPh8Uc7JvOcI0iNgBKSopsM/H1+75ktOITGnPTZJAIHzK/7pf\nhwp3rF2WWLc5fv+g7OzJ/bTnPhpog6m1Nx6SYz2GRH9aKXJxOShcy8jzdRrJfY9S\nBm7Zl4vrRCbDKBqHtoIMpoJjXPcErDUhkFHRtGD5awEl9f8XSuPIvZWkyupa7ozL\niQQPg2wydX1lNbxoPd7oqGa4QBE+aCsS2RD5mesQZtHTzX7q\n-----END CERTIFICATE-----\n",
            "certificate_chain": "-----BEGIN CERTIFICATE-----\nMIIEXjCCA0agAwIBAgITB3MSTNQG0mfAmRzdKZqfODF5hTANBgkqhkiG9w0BAQsF\nADA5MQswCQYDVQQGEwJVUzEPMA0GA1UEChMGQW1hem9uMRkwFwYDVQQDExBBbWF6\nb24gUm9vdCBDQSAxMB4XDTIyMDgyMzIyMjYwNFoXDTMwMDgyMzIyMjYwNFowPDEL\nMAkGA1UEBhMCVVMxDzANBgNVBAoTBkFtYXpvbjEcMBoGA1UEAxMTQW1hem9uIFJT\nQSAyMDQ4IE0wMzCCASIwDQYJKoZIhvcNAQEBBQADggEPADCCAQoCggEBALd/pVko\n8vuM475Tf45HV3BbCl/B9Jy89G1CRkFjcPY06WA9lS+7dWbUA7GtWUKoksr69hKM\nwcMsNpxlw7b3jeXFgxB09/nmalcAWtnLzF+LaDKEA5DQmvKzuh1nfIfqEiKCQSmX\nXh09Xs+dO7cm5qbaL2hhNJCSAejciwcvOFgFNgEMR42wm6KIFHsQW28jhA+1u/M0\np6fVwReuEgZfLfdx82Px0LJck3lST3EB/JfbdsdOzzzg5YkY1dfuqf8y5fUeZ7Cz\nWXbTjujwX/TovmeWKA36VLCz75azW6tDNuDn66FOpADZZ9omVaF6BqNJiLMVl6P3\n/c0OiUMC6Z5OfKcCAwEAAaOCAVowggFWMBIGA1UdEwEB/wQIMAYBAf8CAQAwDgYD\nVR0PAQH/BAQDAgGGMB0GA1UdJQQWMBQGCCsGAQUFBwMBBggrBgEFBQcDAjAdBgNV\nHQ4EFgQUVdkYX9IczAHhWLS+q9lVQgHXLgIwHwYDVR0jBBgwFoAUhBjMhTTsvAyU\nlC4IWZzHshBOCggwewYIKwYBBQUHAQEEbzBtMC8GCCsGAQUFBzABhiNodHRwOi8v\nb2NzcC5yb290Y2ExLmFtYXpvbnRydXN0LmNvbTA6BggrBgEFBQcwAoYuaHR0cDov\nL2NydC5yb290Y2ExLmFtYXpvbnRydXN0LmNvbS9yb290Y2ExLmNlcjA/BgNVHR8E\nODA2MDSgMqAwhi5odHRwOi8vY3JsLnJvb3RjYTEuYW1hem9udHJ1c3QuY29tL3Jv\nb3RjYTEuY3JsMBMGA1UdIAQMMAowCAYGZ4EMAQIBMA0GCSqGSIb3DQEBCwUAA4IB\nAQAGjeWm2cC+3z2MzSCnte46/7JZvj3iQZDY7EvODNdZF41n71Lrk9kbfNwerK0d\nVNzW36Wefr7j7ZSwBVg50W5ay65jNSN74TTQV1yt4WnSbVvN6KlMs1hiyOZdoHKs\nKDV2UGNxbdoBYCQNa2GYF8FQIWLugNp35aSOpMy6cFlymFQomIrnOQHwK1nvVY4q\nxDSJMU/gNJz17D8ArPN3ngnyZ2TwepJ0uBINz3G5te2rdFUF4i4Y3Bb7FUlHDYm4\nu8aIRGpk2ZpfXmxaoxnbIBZRvGLPSUuPwnwoUOMsJ8jirI5vs2dvchPb7MtI1rle\ni02f2ivH2vxkjDLltSpe2fiC\n-----END CERTIFICATE-----\n-----BEGIN CERTIFICATE-----\nMIIEkjCCA3qgAwIBAgITBn+USionzfP6wq4rAfkI7rnExjANBgkqhkiG9w0BAQsF\nADCBmDELMAkGA1UEBhMCVVMxEDAOBgNVBAgTB0FyaXpvbmExEzARBgNVBAcTClNj\nb3R0c2RhbGUxJTAjBgNVBAoTHFN0YXJmaWVsZCBUZWNobm9sb2dpZXMsIEluYy4x\nOzA5BgNVBAMTMlN0YXJmaWVsZCBTZXJ2aWNlcyBSb290IENlcnRpZmljYXRlIEF1\ndGhvcml0eSAtIEcyMB4XDTE1MDUyNTEyMDAwMFoXDTM3MTIzMTAxMDAwMFowOTEL\nMAkGA1UEBhMCVVMxDzANBgNVBAoTBkFtYXpvbjEZMBcGA1UEAxMQQW1hem9uIFJv\nb3QgQ0EgMTCCASIwDQYJKoZIhvcNAQEBBQADggEPADCCAQoCggEBALJ4gHHKeNXj\nca9HgFB0fW7Y14h29Jlo91ghYPl0hAEvrAIthtOgQ3pOsqTQNroBvo3bSMgHFzZM\n9O6II8c+6zf1tRn4SWiw3te5djgdYZ6k/oI2peVKVuRF4fn9tBb6dNqcmzU5L/qw\nIFAGbHrQgLKm+a/sRxmPUDgH3KKHOVj4utWp+UhnMJbulHheb4mjUcAwhmahRWa6\nVOujw5H5SNz/0egwLX0tdHA114gk957EWW67c4cX8jJGKLhD+rcdqsq08p8kDi1L\n93FcXmn/6pUCyziKrlA4b9v7LWIbxcceVOF34GfID5yHI9Y/QCB/IIDEgEw+OyQm\njgSubJrIqg0CAwEAAaOCATEwggEtMA8GA1UdEwEB/wQFMAMBAf8wDgYDVR0PAQH/\nBAQDAgGGMB0GA1UdDgQWBBSEGMyFNOy8DJSULghZnMeyEE4KCDAfBgNVHSMEGDAW\ngBScXwDfqgHXMCs4iKK4bUqc8hGRgzB4BggrBgEFBQcBAQRsMGowLgYIKwYBBQUH\nMAGGImh0dHA6Ly9vY3NwLnJvb3RnMi5hbWF6b250cnVzdC5jb20wOAYIKwYBBQUH\nMAKGLGh0dHA6Ly9jcnQucm9vdGcyLmFtYXpvbnRydXN0LmNvbS9yb290ZzIuY2Vy\nMD0GA1UdHwQ2MDQwMqAwoC6GLGh0dHA6Ly9jcmwucm9vdGcyLmFtYXpvbnRydXN0\nLmNvbS9yb290ZzIuY3JsMBEGA1UdIAQKMAgwBgYEVR0gADANBgkqhkiG9w0BAQsF\nAAOCAQEAYjdCXLwQtT6LLOkMm2xF4gcAevnFWAu5CIw+7bMlPLVvUOTNNWqnkzSW\nMiGpSESrnO09tKpzbeR/FoCJbM8oAxiDR3mjEH4wW6w7sGDgd9QIpuEdfF7Au/ma\neyKdpwAJfqxGF4PcnCZXmTA5YpaP7dreqsXMGz7KQ2hsVxa81Q4gLv7/wmpdLqBK\nbRRYh5TmOTFffHPLkIhqhBGWJ6bt2YFGpn6jcgAKUj6DiAdjd4lpFw85hdKrCEVN\n0FE6/V1dN2RMfjCyVSRCnTawXZwXgWHxyvkQAiSr6w10kY17RSlQOYiypok1JR4U\nakcjMS9cmvqtmg5iUaQqqcT5NJ0hGA==\n-----END CERTIFICATE-----\n",
            "domain": "api.sponsor-fhir.cmc-fhir-demo.com",
            "id": "arn:aws:acm:us-east-1:505609109431:certificate/ebd8a30d-5669-41f6-b903-901916e6b595",
            "key_types": null,
            "most_recent": true,
            "status": "ISSUED",
            "statuses": [
              "ISSUED"
            ],
            "tags": {},
            "types": null
          },
          "sensitive_attributes": []
        }
      ]
    },
    {
      "mode": "data",
      "type": "aws_acm_certificate",
      "name": "domain",
      "provider": "provider[\"registry.terraform.io/hashicorp/aws\"]",
      "instances": [
        {
          "index_key": 0,
          "schema_version": 0,
          "attributes": {
            "arn": "arn:aws:acm:us-east-1:505609109431:certificate/6deb3666-649d-4458-8886-5ff4a6abd534",
            "certificate": "-----BEGIN CERTIFICATE-----\nMIIF3zCCBMegAwIBAgIQCmJd24lzZrotH8vHByJBlTANBgkqhkiG9w0BAQsFADA8\nMQswCQYDVQQGEwJVUzEPMA0GA1UEChMGQW1hem9uMRwwGgYDVQQDExNBbWF6b24g\nUlNBIDIwNDggTTAyMB4XDTI1MDUwMjAwMDAwMFoXDTI2MDUzMTIzNTk1OVowJDEi\nMCAGA1UEAxMZc3BvbnNvci5jbWMtZmhpci1kZW1vLmNvbTCCASIwDQYJKoZIhvcN\nAQEBBQADggEPADCCAQoCggEBAMAt/BzhiH5BIsOmxJGMXWetEmpF5iMgbXEqjJLe\nBqNaKOp3D2FMcjmd9n0XTCMRMJsM13GdyromzvrkE9HbCZvFMDZAuEedpwCopqW+\n4nmndW2jP1XEZxn2Bxl5QHf9Lf5jrCpuJuGsqwtwGKqXbfTgeIdmFHFzknmefFE3\njjrfMEM1otMfy8O9xXO8ZJR8IOosP6SSmgqAXxoQCfnU1p300UDTs7R43Qt5eP0Z\n/cpxR7IPCLctzbp2cVFbYAE+FaN+KgKeFiPxMugCIEcms3ZceHkUUVXJ+gSUM+Fx\nR30TWEV+g8D7V5aNCho3yNWxVAWlEJMRrMzSsw1AoN9e/PcCAwEAAaOCAvMwggLv\nMB8GA1UdIwQYMBaAFMAxUs1aUMOCfHRxzsvpnPl664LiMB0GA1UdDgQWBBTBfyRx\n1Uks3s2FI3Mdp9hMMucYEjAkBgNVHREEHTAbghlzcG9uc29yLmNtYy1maGlyLWRl\nbW8uY29tMBMGA1UdIAQMMAowCAYGZ4EMAQIBMA4GA1UdDwEB/wQEAwIFoDAdBgNV\nHSUEFjAUBggrBgEFBQcDAQYIKwYBBQUHAwIwOwYDVR0fBDQwMjAwoC6gLIYqaHR0\ncDovL2NybC5yMm0wMi5hbWF6b250cnVzdC5jb20vcjJtMDIuY3JsMHUGCCsGAQUF\nBwEBBGkwZzAtBggrBgEFBQcwAYYhaHR0cDovL29jc3AucjJtMDIuYW1hem9udHJ1\nc3QuY29tMDYGCCsGAQUFBzAChipodHRwOi8vY3J0LnIybTAyLmFtYXpvbnRydXN0\nLmNvbS9yMm0wMi5jZXIwDAYDVR0TAQH/BAIwADCCAX8GCisGAQQB1nkCBAIEggFv\nBIIBawFpAHYAlpdkv1VYl633Q4doNwhCd+nwOtX2pPM2bkakPw/KqcYAAAGWke3Z\n0gAABAMARzBFAiAdukqD/WA7ljw04JNZeHqUmYkNxiNnLlDrEbazPk+h1gIhAP9q\nKUC4Vg4m7CvOhLrccqvbGElE6lf9rPdwiea6hVSQAHYAZBHEbKQS7KeJHKICLgC8\nq08oB9QeNSer6v7VA8l9zfAAAAGWke3Z0gAABAMARzBFAiEA02YwA/V6Nq+cBtFZ\n1jMD+5VQW2ZIV9+Ne6odciqNRuwCIDGwYDX8Y+RVQ5+aMFqTMh1SiQF2/P4h69Pt\nk0WKE6SQAHcASZybad4dfOz8Nt7Nh2SmuFuvCoeAGdFVUvvp6ynd+MMAAAGWke3Z\n7QAABAMASDBGAiEAw9OjFaboqi83FqwuAqBmizGsrL5hBrC3l890ZsPD5FUCIQDs\nkEotSq/JI81WDMtWHse3v0dMsbL1Ah8YR/XueXRSsDANBgkqhkiG9w0BAQsFAAOC\nAQEAEBhyBWAUW3o56C7et5FTgcOiqLIy0GyItcKoNiHrJKQy2zrwvpOYtIW9+TT8\n2AYxIBfC7ZV2B0ByzsUc72BtqwnpJ/zlQ9IWZ5qlLQIdA3IgUrvisgv4Chg107xz\nlTwaf9xqz3ni94tO/1hOEP6d+KXkiq7jfWwmylB6sHst8lsbhFvzOLV62pbIY8xC\nVsawSGO+DOokNi2qmxskl++mns/yRy0Q5qlOtHVqhDg+Ybx4vCxjHtrmcOJXMmPW\nh18R05YHxX3/KTc/RhGVesmMZUspszQ83N0iXN+MyoAnnOMDPlyyzPnnLcVlL3/R\n2vydXcnETAJq0Pv1Y4oWOOm0QA==\n-----END CERTIFICATE-----\n",
            "certificate_chain": "-----BEGIN CERTIFICATE-----\nMIIEXjCCA0agAwIBAgITB3MSSkvL1E7HtTvq8ZSELToPoTANBgkqhkiG9w0BAQsF\nADA5MQswCQYDVQQGEwJVUzEPMA0GA1UEChMGQW1hem9uMRkwFwYDVQQDExBBbWF6\nb24gUm9vdCBDQSAxMB4XDTIyMDgyMzIyMjUzMFoXDTMwMDgyMzIyMjUzMFowPDEL\nMAkGA1UEBhMCVVMxDzANBgNVBAoTBkFtYXpvbjEcMBoGA1UEAxMTQW1hem9uIFJT\nQSAyMDQ4IE0wMjCCASIwDQYJKoZIhvcNAQEBBQADggEPADCCAQoCggEBALtDGMZa\nqHneKei1by6+pUPPLljTB143Si6VpEWPc6mSkFhZb/6qrkZyoHlQLbDYnI2D7hD0\nsdzEqfnuAjIsuXQLG3A8TvX6V3oFNBFVe8NlLJHvBseKY88saLwufxkZVwk74g4n\nWlNMXzla9Y5F3wwRHwMVH443xGz6UtGSZSqQ94eFx5X7Tlqt8whi8qCaKdZ5rNak\n+r9nUThOeClqFd4oXych//Rc7Y0eX1KNWHYSI1Nk31mYgiK3JvH063g+K9tHA63Z\neTgKgndlh+WI+zv7i44HepRZjA1FYwYZ9Vv/9UkC5Yz8/yU65fgjaE+wVHM4e/Yy\nC2osrPWE7gJ+dXMCAwEAAaOCAVowggFWMBIGA1UdEwEB/wQIMAYBAf8CAQAwDgYD\nVR0PAQH/BAQDAgGGMB0GA1UdJQQWMBQGCCsGAQUFBwMBBggrBgEFBQcDAjAdBgNV\nHQ4EFgQUwDFSzVpQw4J8dHHOy+mc+XrrguIwHwYDVR0jBBgwFoAUhBjMhTTsvAyU\nlC4IWZzHshBOCggwewYIKwYBBQUHAQEEbzBtMC8GCCsGAQUFBzABhiNodHRwOi8v\nb2NzcC5yb290Y2ExLmFtYXpvbnRydXN0LmNvbTA6BggrBgEFBQcwAoYuaHR0cDov\nL2NydC5yb290Y2ExLmFtYXpvbnRydXN0LmNvbS9yb290Y2ExLmNlcjA/BgNVHR8E\nODA2MDSgMqAwhi5odHRwOi8vY3JsLnJvb3RjYTEuYW1hem9udHJ1c3QuY29tL3Jv\nb3RjYTEuY3JsMBMGA1UdIAQMMAowCAYGZ4EMAQIBMA0GCSqGSIb3DQEBCwUAA4IB\nAQAtTi6Fs0Azfi+iwm7jrz+CSxHH+uHl7Law3MQSXVtR8RV53PtR6r/6gNpqlzdo\nZq4FKbADi1v9Bun8RY8D51uedRfjsbeodizeBB8nXmeyD33Ep7VATj4ozcd31YFV\nfgRhvTSxNrrTlNpWkUk0m3BMPv8sg381HhA6uEYokE5q9uws/3YkKqRiEz3TsaWm\nJqIRZhMbgAfp7O7FUwFIb7UIspogZSKxPIWJpxiPo3TcBambbVtQOcNRWz5qCQdD\nslI2yayq0n2TXoHyNCLEH8rpsJRVILFsg0jc7BaFrMnF462+ajSehgj12IidNeRN\n4zl+EoNaWdpnWndvSpAEkq2P\n-----END CERTIFICATE-----\n-----BEGIN CERTIFICATE-----\nMIIEkjCCA3qgAwIBAgITBn+USionzfP6wq4rAfkI7rnExjANBgkqhkiG9w0BAQsF\nADCBmDELMAkGA1UEBhMCVVMxEDAOBgNVBAgTB0FyaXpvbmExEzARBgNVBAcTClNj\nb3R0c2RhbGUxJTAjBgNVBAoTHFN0YXJmaWVsZCBUZWNobm9sb2dpZXMsIEluYy4x\nOzA5BgNVBAMTMlN0YXJmaWVsZCBTZXJ2aWNlcyBSb290IENlcnRpZmljYXRlIEF1\ndGhvcml0eSAtIEcyMB4XDTE1MDUyNTEyMDAwMFoXDTM3MTIzMTAxMDAwMFowOTEL\nMAkGA1UEBhMCVVMxDzANBgNVBAoTBkFtYXpvbjEZMBcGA1UEAxMQQW1hem9uIFJv\nb3QgQ0EgMTCCASIwDQYJKoZIhvcNAQEBBQADggEPADCCAQoCggEBALJ4gHHKeNXj\nca9HgFB0fW7Y14h29Jlo91ghYPl0hAEvrAIthtOgQ3pOsqTQNroBvo3bSMgHFzZM\n9O6II8c+6zf1tRn4SWiw3te5djgdYZ6k/oI2peVKVuRF4fn9tBb6dNqcmzU5L/qw\nIFAGbHrQgLKm+a/sRxmPUDgH3KKHOVj4utWp+UhnMJbulHheb4mjUcAwhmahRWa6\nVOujw5H5SNz/0egwLX0tdHA114gk957EWW67c4cX8jJGKLhD+rcdqsq08p8kDi1L\n93FcXmn/6pUCyziKrlA4b9v7LWIbxcceVOF34GfID5yHI9Y/QCB/IIDEgEw+OyQm\njgSubJrIqg0CAwEAAaOCATEwggEtMA8GA1UdEwEB/wQFMAMBAf8wDgYDVR0PAQH/\nBAQDAgGGMB0GA1UdDgQWBBSEGMyFNOy8DJSULghZnMeyEE4KCDAfBgNVHSMEGDAW\ngBScXwDfqgHXMCs4iKK4bUqc8hGRgzB4BggrBgEFBQcBAQRsMGowLgYIKwYBBQUH\nMAGGImh0dHA6Ly9vY3NwLnJvb3RnMi5hbWF6b250cnVzdC5jb20wOAYIKwYBBQUH\nMAKGLGh0dHA6Ly9jcnQucm9vdGcyLmFtYXpvbnRydXN0LmNvbS9yb290ZzIuY2Vy\nMD0GA1UdHwQ2MDQwMqAwoC6GLGh0dHA6Ly9jcmwucm9vdGcyLmFtYXpvbnRydXN0\nLmNvbS9yb290ZzIuY3JsMBEGA1UdIAQKMAgwBgYEVR0gADANBgkqhkiG9w0BAQsF\nAAOCAQEAYjdCXLwQtT6LLOkMm2xF4gcAevnFWAu5CIw+7bMlPLVvUOTNNWqnkzSW\nMiGpSESrnO09tKpzbeR/FoCJbM8oAxiDR3mjEH4wW6w7sGDgd9QIpuEdfF7Au/ma\neyKdpwAJfqxGF4PcnCZXmTA5YpaP7dreqsXMGz7KQ2hsVxa81Q4gLv7/wmpdLqBK\nbRRYh5TmOTFffHPLkIhqhBGWJ6bt2YFGpn6jcgAKUj6DiAdjd4lpFw85hdKrCEVN\n0FE6/V1dN2RMfjCyVSRCnTawXZwXgWHxyvkQAiSr6w10kY17RSlQOYiypok1JR4U\nakcjMS9cmvqtmg5iUaQqqcT5NJ0hGA==\n-----END CERTIFICATE-----\n",
            "domain": "sponsor.cmc-fhir-demo.com",
            "id": "arn:aws:acm:us-east-1:505609109431:certificate/6deb3666-649d-4458-8886-5ff4a6abd534",
            "key_types": null,
            "most_recent": true,
            "status": "ISSUED",
            "statuses": [
              "ISSUED"
            ],
            "tags": {},
            "types": null
          },
          "sensitive_attributes": []
        }
      ]
    },
    {
      "mode": "data",
      "type": "aws_caller_identity",
      "name": "current",
      "provider": "provider[\"registry.terraform.io/hashicorp/aws\"]",
      "instances": [
        {
          "schema_version": 0,
          "attributes": {
            "account_id": "505609109431",
            "arn": "arn:aws:iam::505609109431:root",
            "id": "505609109431",
            "user_id": "505609109431"
          },
          "sensitive_attributes": []
        }
      ]
    },
    {
      "mode": "data",
      "type": "aws_route53_zone",
      "name": "existing",
      "provider": "provider[\"registry.terraform.io/hashicorp/aws\"]",
      "instances": [
        {
          "schema_version": 0,
          "attributes": {
            "arn": "arn:aws:route53:::hostedzone/Z0179778328GTCMZ3TG5G",
            "caller_reference": "RISWorkflow-RD:4e68c15e-a878-42d1-ba3a-f478ef1f0e34",
            "comment": "HostedZone created by Route53 Registrar",
            "id": "Z0179778328GTCMZ3TG5G",
            "linked_service_description": null,
            "linked_service_principal": null,
            "name": "cmc-fhir-demo.com",
            "name_servers": [
              "ns-1675.awsdns-17.co.uk",
              "ns-1066.awsdns-05.org",
              "ns-811.awsdns-37.net",
              "ns-353.awsdns-44.com"
            ],
            "primary_name_server": "ns-1675.awsdns-17.co.uk",
            "private_zone": false,
            "resource_record_set_count": 6,
            "tags": {},
            "vpc_id": null,
            "zone_id": "Z0179778328GTCMZ3TG5G"
          },
          "sensitive_attributes": []
        }
      ]
    },
    {
      "mode": "managed",
      "type": "aws_apigatewayv2_api",
      "name": "fhir_api",
      "provider": "provider[\"registry.terraform.io/hashicorp/aws\"]",
      "instances": [
        {
          "schema_version": 0,
          "attributes": {
            "api_endpoint": "https://p4nktcjsfa.execute-api.us-east-1.amazonaws.com",
            "api_key_selection_expression": "$request.header.x-api-key",
            "arn": "arn:aws:apigateway:us-east-1::/apis/p4nktcjsfa",
            "body": null,
            "cors_configuration": [
              {
                "allow_credentials": false,
                "allow_headers": [
                  "Authorization",
                  "Content-Type",
                  "X-Amz-Date",
                  "X-Amz-Security-Token",
                  "X-Api-Key"
                ],
                "allow_methods": [
                  "DELETE",
                  "GET",
                  "OPTIONS",
                  "POST",
                  "PUT"
                ],
                "allow_origins": [
                  "*"
                ],
                "expose_headers": null,
                "max_age": 300
              }
            ],
            "credentials_arn": null,
            "description": "",
            "disable_execute_api_endpoint": false,
            "execution_arn": "arn:aws:execute-api:us-east-1:505609109431:p4nktcjsfa",
            "fail_on_warnings": null,
            "id": "p4nktcjsfa",
            "ip_address_type": "ipv4",
            "name": "fhir-cmc-sponsor-fhir-api",
            "protocol_type": "HTTP",
            "route_key": null,
            "route_selection_expression": "$request.method $request.path",
            "tags": null,
            "tags_all": {},
            "target": null,
            "version": ""
          },
          "sensitive_attributes": [],
          "private": "bnVsbA=="
        }
      ]
    },
    {
      "mode": "managed",
      "type": "aws_apigatewayv2_api_mapping",
      "name": "fhir_api_mapping",
      "provider": "provider[\"registry.terraform.io/hashicorp/aws\"]",
      "instances": [
        {
          "schema_version": 0,
          "attributes": {
            "api_id": "p4nktcjsfa",
            "api_mapping_key": "",
            "domain_name": "api.sponsor-fhir.cmc-fhir-demo.com",
            "id": "4dtn0k",
            "stage": "$default"
          },
          "sensitive_attributes": [],
          "private": "bnVsbA==",
          "dependencies": [
            "aws_apigatewayv2_api.fhir_api",
            "aws_apigatewayv2_domain_name.fhir_api_domain",
            "aws_apigatewayv2_stage.fhir_api_stage",
            "aws_cloudwatch_log_group.fhir_api_logs",
            "data.aws_acm_certificate.api_domain"
          ]
        }
      ]
    },
    {
      "mode": "managed",
      "type": "aws_apigatewayv2_authorizer",
      "name": "fhir_jwt_authorizer",
      "provider": "provider[\"registry.terraform.io/hashicorp/aws\"]",
      "instances": [
        {
          "schema_version": 0,
          "attributes": {
            "api_id": "p4nktcjsfa",
            "authorizer_credentials_arn": "",
            "authorizer_payload_format_version": "",
            "authorizer_result_ttl_in_seconds": 0,
            "authorizer_type": "JWT",
            "authorizer_uri": "",
            "enable_simple_responses": false,
            "id": "jjf7pq",
            "identity_sources": [
              "$request.header.Authorization"
            ],
            "jwt_configuration": [
              {
                "audience": [
                  "4brrn41ua6999bghklii17g7pm"
                ],
                "issuer": "https://cognito-idp.us-east-1.amazonaws.com/us-east-1_ufKh02bYc"
              }
            ],
            "name": "fhir-cmc-sponsor-fhir-jwt-authorizer",
            "timeouts": null
          },
          "sensitive_attributes": [],
          "private": "eyJlMmJmYjczMC1lY2FhLTExZTYtOGY4OC0zNDM2M2JjN2M0YzAiOnsiZGVsZXRlIjoxODAwMDAwMDAwMDAwfX0=",
          "dependencies": [
            "aws_apigatewayv2_api.fhir_api",
            "module.cognito.aws_cognito_resource_server.backend",
            "module.cognito.aws_cognito_user_pool.main",
            "module.cognito.aws_cognito_user_pool_client.backend"
          ]
        }
      ]
    },
    {
      "mode": "managed",
      "type": "aws_apigatewayv2_domain_name",
      "name": "fhir_api_domain",
      "provider": "provider[\"registry.terraform.io/hashicorp/aws\"]",
      "instances": [
        {
          "schema_version": 0,
          "attributes": {
            "api_mapping_selection_expression": "$request.basepath",
            "arn": "arn:aws:apigateway:us-east-1::/domainnames/api.sponsor-fhir.cmc-fhir-demo.com",
            "domain_name": "api.sponsor-fhir.cmc-fhir-demo.com",
            "domain_name_configuration": [
              {
                "certificate_arn": "arn:aws:acm:us-east-1:505609109431:certificate/ebd8a30d-5669-41f6-b903-901916e6b595",
                "endpoint_type": "REGIONAL",
                "hosted_zone_id": "Z1UJRXOUMOOFQ8",
                "ip_address_type": "ipv4",
                "ownership_verification_certificate_arn": "",
                "security_policy": "TLS_1_2",
                "target_domain_name": "d-42vvsvs6u6.execute-api.us-east-1.amazonaws.com"
              }
            ],
            "id": "api.sponsor-fhir.cmc-fhir-demo.com",
            "mutual_tls_authentication": [],
            "tags": null,
            "tags_all": {},
            "timeouts": null
          },
          "sensitive_attributes": [],
          "private": "eyJlMmJmYjczMC1lY2FhLTExZTYtOGY4OC0zNDM2M2JjN2M0YzAiOnsiY3JlYXRlIjo2MDAwMDAwMDAwMDAsInVwZGF0ZSI6MzYwMDAwMDAwMDAwMH19",
          "dependencies": [
            "data.aws_acm_certificate.api_domain"
          ]
        }
      ]
    },
    {
      "mode": "managed",
      "type": "aws_apigatewayv2_stage",
      "name": "fhir_api_stage",
      "provider": "provider[\"registry.terraform.io/hashicorp/aws\"]",
      "instances": [
        {
          "schema_version": 0,
          "attributes": {
            "access_log_settings": [
              {
                "destination_arn": "arn:aws:logs:us-east-1:505609109431:log-group:/aws/apigateway/fhir-cmc-sponsor-fhir-api",
                "format": "{\"httpMethod\":\"$context.httpMethod\",\"integrationErrorMessage\":\"$context.integrationErrorMessage\",\"integrationLatency\":\"$context.integrationLatency\",\"integrationStatus\":\"$context.integrationStatus\",\"ip\":\"$context.identity.sourceIp\",\"path\":\"$context.path\",\"protocol\":\"$context.protocol\",\"requestId\":\"$context.requestId\",\"requestTime\":\"$context.requestTime\",\"responseLength\":\"$context.responseLength\",\"routeKey\":\"$context.routeKey\",\"status\":\"$context.status\"}"
              }
            ],
            "api_id": "p4nktcjsfa",
            "arn": "arn:aws:apigateway:us-east-1::/apis/p4nktcjsfa/stages/$default",
            "auto_deploy": true,
            "client_certificate_id": "",
            "default_route_settings": [
              {
                "data_trace_enabled": false,
                "detailed_metrics_enabled": false,
                "logging_level": "",
                "throttling_burst_limit": 0,
                "throttling_rate_limit": 0
              }
            ],
            "deployment_id": "",
            "description": "",
            "execution_arn": "arn:aws:execute-api:us-east-1:505609109431:p4nktcjsfa/$default",
            "id": "$default",
            "invoke_url": "https://p4nktcjsfa.execute-api.us-east-1.amazonaws.com/",
            "name": "$default",
            "route_settings": [],
            "stage_variables": null,
            "tags": null,
            "tags_all": {}
          },
          "sensitive_attributes": [],
          "private": "bnVsbA==",
          "dependencies": [
            "aws_apigatewayv2_api.fhir_api",
            "aws_cloudwatch_log_group.fhir_api_logs"
          ]
        }
      ]
    },
    {
      "mode": "managed",
      "type": "aws_apigatewayv2_vpc_link",
      "name": "fhir_api_vpc_link",
      "provider": "provider[\"registry.terraform.io/hashicorp/aws\"]",
      "instances": [
        {
          "status": "tainted",
          "schema_version": 0,
          "attributes": {
            "arn": null,
            "id": "iedifb",
            "name": "fhir-cmc-sponsor-fhir-api-vpc-link",
            "security_group_ids": [
              "sg-06ad3218540d0da29"
            ],
            "subnet_ids": [
              "subnet-09ba02f61ae1c5111",
              "subnet-0d71f9671bb10dda4"
            ],
            "tags": null,
            "tags_all": null
          },
          "sensitive_attributes": [],
          "private": "bnVsbA==",
          "dependencies": [
            "data.aws_acm_certificate.domain",
            "module.cognito.aws_cognito_identity_pool.main",
            "module.cognito.aws_cognito_identity_pool_roles_attachment.main",
            "module.cognito.aws_cognito_resource_server.backend",
            "module.cognito.aws_cognito_resource_server.fhir",
            "module.cognito.aws_cognito_user_pool.main",
            "module.cognito.aws_cognito_user_pool_client.backend",
            "module.cognito.aws_cognito_user_pool_client.fhir",
            "module.cognito.aws_cognito_user_pool_client.frontend",
            "module.cognito.aws_cognito_user_pool_domain.main",
            "module.cognito.aws_iam_role.authenticated",
            "module.cognito.aws_iam_role_policy.authenticated",
            "module.cognito.data.aws_region.current",
            "module.network.aws_db_subnet_group.main",
            "module.network.aws_eip.nat",
            "module.network.aws_internet_gateway.main",
            "module.network.aws_lb.main",
            "module.network.aws_lb_listener.api_https",
            "module.network.aws_lb_listener.http",
            "module.network.aws_lb_listener.https",
            "module.network.aws_lb_listener_rule.api_fhir_domain_https",
            "module.network.aws_lb_listener_rule.api_http",
            "module.network.aws_lb_listener_rule.api_https",
            "module.network.aws_lb_listener_rule.api_https_fhir_path",
            "module.network.aws_lb_listener_rule.backend_health_http",
            "module.network.aws_lb_listener_rule.backend_health_https",
            "module.network.aws_lb_listener_rule.fhir_domain_https",
            "module.network.aws_lb_listener_rule.fhir_http",
            "module.network.aws_lb_listener_rule.fhir_https",
            "module.network.aws_lb_listener_rule.frontend_health_http",
            "module.network.aws_lb_listener_rule.frontend_health_https",
            "module.network.aws_lb_listener_rule.oauth_callback_https",
            "module.network.aws_lb_target_group.backend",
            "module.network.aws_lb_target_group.fhir",
            "module.network.aws_lb_target_group.frontend",
            "module.network.aws_nat_gateway.main",
            "module.network.aws_route_table.private",
            "module.network.aws_route_table.public",
            "module.network.aws_route_table_association.private",
            "module.network.aws_route_table_association.public",
            "module.network.aws_security_group.alb",
            "module.network.aws_security_group.database",
            "module.network.aws_security_group.ecs",
            "module.network.aws_subnet.database",
            "module.network.aws_subnet.private",
            "module.network.aws_subnet.public",
            "module.network.aws_vpc.main",
            "module.network.data.aws_caller_identity.current",
            "module.network.data.aws_region.current"
          ]
        }
      ]
    },
    {
      "mode": "managed",
      "type": "aws_cloudwatch_log_group",
      "name": "fhir_api_logs",
      "provider": "provider[\"registry.terraform.io/hashicorp/aws\"]",
      "instances": [
        {
          "schema_version": 0,
          "attributes": {
            "arn": "arn:aws:logs:us-east-1:505609109431:log-group:/aws/apigateway/fhir-cmc-sponsor-fhir-api",
            "id": "/aws/apigateway/fhir-cmc-sponsor-fhir-api",
            "kms_key_id": "",
            "log_group_class": "STANDARD",
            "name": "/aws/apigateway/fhir-cmc-sponsor-fhir-api",
            "name_prefix": "",
            "retention_in_days": 7,
            "skip_destroy": false,
            "tags": null,
            "tags_all": {}
          },
          "sensitive_attributes": [],
          "private": "bnVsbA=="
        }
      ]
    },
    {
      "mode": "managed",
      "type": "aws_route53_record",
      "name": "api_fhir",
      "provider": "provider[\"registry.terraform.io/hashicorp/aws\"]",
      "instances": [
        {
          "schema_version": 2,
          "attributes": {
            "alias": [
              {
                "evaluate_target_health": false,
                "name": "d-42vvsvs6u6.execute-api.us-east-1.amazonaws.com",
                "zone_id": "Z1UJRXOUMOOFQ8"
              }
            ],
            "allow_overwrite": null,
            "cidr_routing_policy": [],
            "failover_routing_policy": [],
            "fqdn": "api.sponsor-fhir.cmc-fhir-demo.com",
            "geolocation_routing_policy": [],
            "geoproximity_routing_policy": [],
            "health_check_id": "",
            "id": "Z0179778328GTCMZ3TG5G_api.sponsor-fhir.cmc-fhir-demo.com_A",
            "latency_routing_policy": [],
            "multivalue_answer_routing_policy": false,
            "name": "api.sponsor-fhir.cmc-fhir-demo.com",
            "records": null,
            "set_identifier": "",
            "timeouts": null,
            "ttl": 0,
            "type": "A",
            "weighted_routing_policy": [],
            "zone_id": "Z0179778328GTCMZ3TG5G"
          },
          "sensitive_attributes": [],
          "private": "eyJlMmJmYjczMC1lY2FhLTExZTYtOGY4OC0zNDM2M2JjN2M0YzAiOnsiY3JlYXRlIjoxODAwMDAwMDAwMDAwLCJkZWxldGUiOjE4MDAwMDAwMDAwMDAsInVwZGF0ZSI6MTgwMDAwMDAwMDAwMH0sInNjaGVtYV92ZXJzaW9uIjoiMiJ9",
          "dependencies": [
            "aws_apigatewayv2_domain_name.fhir_api_domain",
            "data.aws_acm_certificate.api_domain",
            "data.aws_route53_zone.existing"
          ]
        }
      ]
    },
    {
      "mode": "managed",
      "type": "aws_route53_record",
      "name": "app",
      "provider": "provider[\"registry.terraform.io/hashicorp/aws\"]",
      "instances": [
        {
          "schema_version": 2,
          "attributes": {
            "alias": [
              {
                "evaluate_target_health": true,
                "name": "fhir-cmc-sponsor-alb-885507663.us-east-1.elb.amazonaws.com",
                "zone_id": "Z35SXDOTRQ7X7K"
              }
            ],
            "allow_overwrite": null,
            "cidr_routing_policy": [],
            "failover_routing_policy": [],
            "fqdn": "sponsor.cmc-fhir-demo.com",
            "geolocation_routing_policy": [],
            "geoproximity_routing_policy": [],
            "health_check_id": "",
            "id": "Z0179778328GTCMZ3TG5G_sponsor.cmc-fhir-demo.com_A",
            "latency_routing_policy": [],
            "multivalue_answer_routing_policy": false,
            "name": "sponsor.cmc-fhir-demo.com",
            "records": null,
            "set_identifier": "",
            "timeouts": null,
            "ttl": 0,
            "type": "A",
            "weighted_routing_policy": [],
            "zone_id": "Z0179778328GTCMZ3TG5G"
          },
          "sensitive_attributes": [],
          "private": "eyJlMmJmYjczMC1lY2FhLTExZTYtOGY4OC0zNDM2M2JjN2M0YzAiOnsiY3JlYXRlIjoxODAwMDAwMDAwMDAwLCJkZWxldGUiOjE4MDAwMDAwMDAwMDAsInVwZGF0ZSI6MTgwMDAwMDAwMDAwMH0sInNjaGVtYV92ZXJzaW9uIjoiMiJ9",
          "dependencies": [
            "data.aws_route53_zone.existing",
            "module.cognito.aws_cognito_identity_pool.main",
            "module.cognito.aws_cognito_identity_pool_roles_attachment.main",
            "module.cognito.aws_cognito_resource_server.backend",
            "module.cognito.aws_cognito_resource_server.fhir",
            "module.cognito.aws_cognito_user_pool.main",
            "module.cognito.aws_cognito_user_pool_client.backend",
            "module.cognito.aws_cognito_user_pool_client.fhir",
            "module.cognito.aws_cognito_user_pool_client.frontend",
            "module.cognito.aws_cognito_user_pool_domain.main",
            "module.cognito.aws_iam_role.authenticated",
            "module.cognito.aws_iam_role_policy.authenticated",
            "module.cognito.data.aws_region.current",
            "module.network.aws_lb.main",
            "module.network.aws_security_group.alb",
            "module.network.aws_subnet.public",
            "module.network.aws_vpc.main"
          ]
        }
      ]
    },
    {
      "mode": "managed",
      "type": "aws_route53_record",
      "name": "fhir",
      "provider": "provider[\"registry.terraform.io/hashicorp/aws\"]",
      "instances": [
        {
          "index_key": 0,
          "schema_version": 2,
          "attributes": {
            "alias": [
              {
                "evaluate_target_health": true,
                "name": "fhir-cmc-sponsor-alb-885507663.us-east-1.elb.amazonaws.com",
                "zone_id": "Z35SXDOTRQ7X7K"
              }
            ],
            "allow_overwrite": null,
            "cidr_routing_policy": [],
            "failover_routing_policy": [],
            "fqdn": "sponsor-fhir.cmc-fhir-demo.com",
            "geolocation_routing_policy": [],
            "geoproximity_routing_policy": [],
            "health_check_id": "",
            "id": "Z0179778328GTCMZ3TG5G_sponsor-fhir.cmc-fhir-demo.com_A",
            "latency_routing_policy": [],
            "multivalue_answer_routing_policy": false,
            "name": "sponsor-fhir.cmc-fhir-demo.com",
            "records": null,
            "set_identifier": "",
            "timeouts": null,
            "ttl": 0,
            "type": "A",
            "weighted_routing_policy": [],
            "zone_id": "Z0179778328GTCMZ3TG5G"
          },
          "sensitive_attributes": [],
          "private": "eyJlMmJmYjczMC1lY2FhLTExZTYtOGY4OC0zNDM2M2JjN2M0YzAiOnsiY3JlYXRlIjoxODAwMDAwMDAwMDAwLCJkZWxldGUiOjE4MDAwMDAwMDAwMDAsInVwZGF0ZSI6MTgwMDAwMDAwMDAwMH0sInNjaGVtYV92ZXJzaW9uIjoiMiJ9",
          "dependencies": [
            "data.aws_route53_zone.existing",
            "module.cognito.aws_cognito_identity_pool.main",
            "module.cognito.aws_cognito_identity_pool_roles_attachment.main",
            "module.cognito.aws_cognito_resource_server.backend",
            "module.cognito.aws_cognito_resource_server.fhir",
            "module.cognito.aws_cognito_user_pool.main",
            "module.cognito.aws_cognito_user_pool_client.backend",
            "module.cognito.aws_cognito_user_pool_client.fhir",
            "module.cognito.aws_cognito_user_pool_client.frontend",
            "module.cognito.aws_cognito_user_pool_domain.main",
            "module.cognito.aws_iam_role.authenticated",
            "module.cognito.aws_iam_role_policy.authenticated",
            "module.cognito.data.aws_region.current",
            "module.network.aws_lb.main",
            "module.network.aws_security_group.alb",
            "module.network.aws_subnet.public",
            "module.network.aws_vpc.main"
          ]
        }
      ]
    },
    {
      "module": "module.cognito",
      "mode": "data",
      "type": "aws_region",
      "name": "current",
      "provider": "provider[\"registry.terraform.io/hashicorp/aws\"]",
      "instances": [
        {
          "schema_version": 0,
          "attributes": {
            "description": "US East (N. Virginia)",
            "endpoint": "ec2.us-east-1.amazonaws.com",
            "id": "us-east-1",
            "name": "us-east-1"
          },
          "sensitive_attributes": []
        }
      ]
    },
    {
      "module": "module.cognito",
      "mode": "managed",
      "type": "aws_cognito_identity_pool",
      "name": "main",
      "provider": "provider[\"registry.terraform.io/hashicorp/aws\"]",
      "instances": [
        {
          "schema_version": 0,
          "attributes": {
            "allow_classic_flow": false,
            "allow_unauthenticated_identities": false,
            "arn": "arn:aws:cognito-identity:us-east-1:505609109431:identitypool/us-east-1:237945a0-a8dc-4d38-927d-897110662847",
            "cognito_identity_providers": [
              {
                "client_id": "2ivcpn0kvg4omfordvem7ba1js",
                "provider_name": "cognito-idp.us-east-1.amazonaws.com/us-east-1_ufKh02bYc",
                "server_side_token_check": false
              }
            ],
            "developer_provider_name": "",
            "id": "us-east-1:237945a0-a8dc-4d38-927d-897110662847",
            "identity_pool_name": "fhir-cmcsponsorIdentityPool",
            "openid_connect_provider_arns": null,
            "saml_provider_arns": null,
            "supported_login_providers": null,
            "tags": {
              "Environment": "sponsor",
              "Name": "fhir-cmc-sponsor-identity-pool",
              "Project": "fhir-cmc"
            },
            "tags_all": {
              "Environment": "sponsor",
              "Name": "fhir-cmc-sponsor-identity-pool",
              "Project": "fhir-cmc"
            }
          },
          "sensitive_attributes": [],
          "private": "bnVsbA==",
          "dependencies": [
            "module.cognito.aws_cognito_user_pool.main",
            "module.cognito.aws_cognito_user_pool_client.frontend"
          ]
        }
      ]
    },
    {
      "module": "module.cognito",
      "mode": "managed",
      "type": "aws_cognito_identity_pool_roles_attachment",
      "name": "main",
      "provider": "provider[\"registry.terraform.io/hashicorp/aws\"]",
      "instances": [
        {
          "schema_version": 0,
          "attributes": {
            "id": "us-east-1:237945a0-a8dc-4d38-927d-897110662847",
            "identity_pool_id": "us-east-1:237945a0-a8dc-4d38-927d-897110662847",
            "role_mapping": [],
            "roles": {
              "authenticated": "arn:aws:iam::505609109431:role/fhir-cmc-sponsor-cognito-authenticated"
            }
          },
          "sensitive_attributes": [],
          "private": "bnVsbA==",
          "dependencies": [
            "module.cognito.aws_cognito_identity_pool.main",
            "module.cognito.aws_cognito_user_pool.main",
            "module.cognito.aws_cognito_user_pool_client.frontend",
            "module.cognito.aws_iam_role.authenticated"
          ]
        }
      ]
    },
    {
      "module": "module.cognito",
      "mode": "managed",
      "type": "aws_cognito_resource_server",
      "name": "backend",
      "provider": "provider[\"registry.terraform.io/hashicorp/aws\"]",
      "instances": [
        {
          "schema_version": 0,
          "attributes": {
            "id": "us-east-1_ufKh02bYc|fhir-cmc/sponsor/backend-api",
            "identifier": "fhir-cmc/sponsor/backend-api",
            "name": "fhir-cmc-sponsor-backend-api",
            "scope": [
              {
                "scope_description": "Read access to backend API",
                "scope_name": "read"
              },
              {
                "scope_description": "Write access to backend API",
                "scope_name": "write"
              }
            ],
            "scope_identifiers": [
              "fhir-cmc/sponsor/backend-api/read",
              "fhir-cmc/sponsor/backend-api/write"
            ],
            "user_pool_id": "us-east-1_ufKh02bYc"
          },
          "sensitive_attributes": [],
          "private": "bnVsbA==",
          "dependencies": [
            "module.cognito.aws_cognito_user_pool.main"
          ]
        }
      ]
    },
    {
      "module": "module.cognito",
      "mode": "managed",
      "type": "aws_cognito_resource_server",
      "name": "fhir",
      "provider": "provider[\"registry.terraform.io/hashicorp/aws\"]",
      "instances": [
        {
          "schema_version": 0,
          "attributes": {
            "id": "us-east-1_ufKh02bYc|fhir-cmc/sponsor/fhir-api",
            "identifier": "fhir-cmc/sponsor/fhir-api",
            "name": "fhir-cmc-sponsor-fhir-api",
            "scope": [
              {
                "scope_description": "Read access to FHIR API",
                "scope_name": "read"
              },
              {
                "scope_description": "Write access to FHIR API",
                "scope_name": "write"
              }
            ],
            "scope_identifiers": [
              "fhir-cmc/sponsor/fhir-api/read",
              "fhir-cmc/sponsor/fhir-api/write"
            ],
            "user_pool_id": "us-east-1_ufKh02bYc"
          },
          "sensitive_attributes": [],
          "private": "bnVsbA==",
          "dependencies": [
            "module.cognito.aws_cognito_user_pool.main"
          ]
        }
      ]
    },
    {
      "module": "module.cognito",
      "mode": "managed",
      "type": "aws_cognito_user_pool",
      "name": "main",
      "provider": "provider[\"registry.terraform.io/hashicorp/aws\"]",
      "instances": [
        {
          "schema_version": 0,
          "attributes": {
            "account_recovery_setting": [
              {
                "recovery_mechanism": [
                  {
                    "name": "verified_email",
                    "priority": 1
                  },
                  {
                    "name": "verified_phone_number",
                    "priority": 2
                  }
                ]
              }
            ],
            "admin_create_user_config": [
              {
                "allow_admin_create_user_only": false,
                "invite_message_template": []
              }
            ],
            "alias_attributes": null,
            "arn": "arn:aws:cognito-idp:us-east-1:505609109431:userpool/us-east-1_ufKh02bYc",
            "auto_verified_attributes": [
              "email"
            ],
            "creation_date": "2025-05-04T20:38:22Z",
            "custom_domain": "",
            "deletion_protection": "INACTIVE",
            "device_configuration": [],
            "domain": "",
            "email_configuration": [
              {
                "configuration_set": "",
                "email_sending_account": "COGNITO_DEFAULT",
                "from_email_address": "",
                "reply_to_email_address": "",
                "source_arn": ""
              }
            ],
            "email_mfa_configuration": [],
            "email_verification_message": "Your verification code is {####}",
            "email_verification_subject": "Your verification code",
            "endpoint": "cognito-idp.us-east-1.amazonaws.com/us-east-1_ufKh02bYc",
            "estimated_number_of_users": 0,
            "id": "us-east-1_ufKh02bYc",
            "lambda_config": [],
            "last_modified_date": "2025-05-04T20:38:22Z",
            "mfa_configuration": "OFF",
            "name": "fhir-cmc-sponsor-user-pool",
            "password_policy": [
              {
                "minimum_length": 8,
                "password_history_size": 0,
                "require_lowercase": true,
                "require_numbers": true,
                "require_symbols": true,
                "require_uppercase": true,
                "temporary_password_validity_days": 7
              }
            ],
            "schema": [
              {
                "attribute_data_type": "String",
                "developer_only_attribute": false,
                "mutable": true,
                "name": "email",
                "number_attribute_constraints": [],
                "required": true,
                "string_attribute_constraints": [
                  {
                    "max_length": "2048",
                    "min_length": "0"
                  }
                ]
              },
              {
                "attribute_data_type": "String",
                "developer_only_attribute": false,
                "mutable": true,
                "name": "name",
                "number_attribute_constraints": [],
                "required": true,
                "string_attribute_constraints": [
                  {
                    "max_length": "2048",
                    "min_length": "0"
                  }
                ]
              },
              {
                "attribute_data_type": "String",
                "developer_only_attribute": false,
                "mutable": true,
                "name": "organization",
                "number_attribute_constraints": [],
                "required": false,
                "string_attribute_constraints": [
                  {
                    "max_length": "256",
                    "min_length": "0"
                  }
                ]
              }
            ],
            "sign_in_policy": [
              {
                "allowed_first_auth_factors": [
                  "PASSWORD"
                ]
              }
            ],
            "sms_authentication_message": "",
            "sms_configuration": [],
            "sms_verification_message": "",
            "software_token_mfa_configuration": [],
            "tags": {
              "Environment": "sponsor",
              "Name": "fhir-cmc-sponsor-user-pool",
              "Project": "fhir-cmc"
            },
            "tags_all": {
              "Environment": "sponsor",
              "Name": "fhir-cmc-sponsor-user-pool",
              "Project": "fhir-cmc"
            },
            "user_attribute_update_settings": [],
            "user_pool_add_ons": [],
            "user_pool_tier": "ESSENTIALS",
            "username_attributes": [
              "email"
            ],
            "username_configuration": [
              {
                "case_sensitive": false
              }
            ],
            "verification_message_template": [
              {
                "default_email_option": "CONFIRM_WITH_CODE",
                "email_message": "Your verification code is {####}",
                "email_message_by_link": "",
                "email_subject": "Your verification code",
                "email_subject_by_link": "",
                "sms_message": ""
              }
            ],
            "web_authn_configuration": []
          },
          "sensitive_attributes": [],
          "private": "bnVsbA=="
        }
      ]
    },
    {
      "module": "module.cognito",
      "mode": "managed",
      "type": "aws_cognito_user_pool_client",
      "name": "backend",
      "provider": "provider[\"registry.terraform.io/hashicorp/aws\"]",
      "instances": [
        {
          "schema_version": 0,
          "attributes": {
            "access_token_validity": 0,
            "allowed_oauth_flows": [
              "client_credentials"
            ],
            "allowed_oauth_flows_user_pool_client": true,
            "allowed_oauth_scopes": [
              "fhir-cmc/sponsor/backend-api/read",
              "fhir-cmc/sponsor/backend-api/write"
            ],
            "analytics_configuration": [],
            "auth_session_validity": 3,
            "callback_urls": [],
            "client_secret": "1ovv7jslmh1jitiel091fb1cf49d5fdm4gg67rd2pd2acqnccq2s",
            "default_redirect_uri": "",
            "enable_propagate_additional_user_context_data": false,
            "enable_token_revocation": true,
            "explicit_auth_flows": [],
            "generate_secret": true,
            "id": "4brrn41ua6999bghklii17g7pm",
            "id_token_validity": 0,
            "logout_urls": [],
            "name": "fhir-cmc-sponsor-backend-client",
            "prevent_user_existence_errors": "ENABLED",
            "read_attributes": [],
            "refresh_token_validity": 30,
            "supported_identity_providers": [
              "COGNITO"
            ],
            "token_validity_units": [],
            "user_pool_id": "us-east-1_ufKh02bYc",
            "write_attributes": []
          },
          "sensitive_attributes": [
            [
              {
                "type": "get_attr",
                "value": "client_secret"
              }
            ]
          ],
          "dependencies": [
            "module.cognito.aws_cognito_resource_server.backend",
            "module.cognito.aws_cognito_user_pool.main"
          ]
        }
      ]
    },
    {
      "module": "module.cognito",
      "mode": "managed",
      "type": "aws_cognito_user_pool_client",
      "name": "fhir",
      "provider": "provider[\"registry.terraform.io/hashicorp/aws\"]",
      "instances": [
        {
          "schema_version": 0,
          "attributes": {
            "access_token_validity": 0,
            "allowed_oauth_flows": [
              "client_credentials"
            ],
            "allowed_oauth_flows_user_pool_client": true,
            "allowed_oauth_scopes": [
              "fhir-cmc/sponsor/fhir-api/read",
              "fhir-cmc/sponsor/fhir-api/write"
            ],
            "analytics_configuration": [],
            "auth_session_validity": 3,
            "callback_urls": [],
            "client_secret": "6jo6dhouue9hsedrkfstl8i3jc5kg0gcl87snharosflauj9cqr",
            "default_redirect_uri": "",
            "enable_propagate_additional_user_context_data": false,
            "enable_token_revocation": true,
            "explicit_auth_flows": [],
            "generate_secret": true,
            "id": "6g809l0kqtqqcdarjj55pujs64",
            "id_token_validity": 0,
            "logout_urls": [],
            "name": "fhir-cmc-sponsor-fhir-client",
            "prevent_user_existence_errors": "ENABLED",
            "read_attributes": [],
            "refresh_token_validity": 30,
            "supported_identity_providers": [
              "COGNITO"
            ],
            "token_validity_units": [],
            "user_pool_id": "us-east-1_ufKh02bYc",
            "write_attributes": []
          },
          "sensitive_attributes": [
            [
              {
                "type": "get_attr",
                "value": "client_secret"
              }
            ]
          ],
          "dependencies": [
            "module.cognito.aws_cognito_resource_server.fhir",
            "module.cognito.aws_cognito_user_pool.main"
          ]
        }
      ]
    },
    {
      "module": "module.cognito",
      "mode": "managed",
      "type": "aws_cognito_user_pool_client",
      "name": "frontend",
      "provider": "provider[\"registry.terraform.io/hashicorp/aws\"]",
      "instances": [
        {
          "schema_version": 0,
          "attributes": {
            "access_token_validity": 0,
            "allowed_oauth_flows": [
              "code"
            ],
            "allowed_oauth_flows_user_pool_client": true,
            "allowed_oauth_scopes": [
              "aws.cognito.signin.user.admin",
              "email",
              "openid",
              "phone",
              "profile"
            ],
            "analytics_configuration": [],
            "auth_session_validity": 3,
            "callback_urls": [
              "http://localhost:3000",
              "https://sponsor-fhir.cmc-fhir-demo.com",
              "https://sponsor-fhir.cmc-fhir-demo.com/oauth2/idpresponse",
              "https://sponsor.cmc-fhir-demo.com",
              "https://sponsor.cmc-fhir-demo.com/oauth2/idpresponse"
            ],
            "client_secret": "vocskeea0vjn0mi30f1bisvr8gks412j7iukin5hg38rqju4r8t",
            "default_redirect_uri": "",
            "enable_propagate_additional_user_context_data": false,
            "enable_token_revocation": true,
            "explicit_auth_flows": [],
            "generate_secret": true,
            "id": "2ivcpn0kvg4omfordvem7ba1js",
            "id_token_validity": 0,
            "logout_urls": [
              "http://localhost:3000",
              "https://sponsor-fhir.cmc-fhir-demo.com",
              "https://sponsor.cmc-fhir-demo.com"
            ],
            "name": "fhir-cmc-sponsor-frontend-client",
            "prevent_user_existence_errors": "ENABLED",
            "read_attributes": [],
            "refresh_token_validity": 30,
            "supported_identity_providers": [
              "COGNITO"
            ],
            "token_validity_units": [],
            "user_pool_id": "us-east-1_ufKh02bYc",
            "write_attributes": []
          },
          "sensitive_attributes": [
            [
              {
                "type": "get_attr",
                "value": "client_secret"
              }
            ]
          ],
          "dependencies": [
            "module.cognito.aws_cognito_user_pool.main"
          ]
        }
      ]
    },
    {
      "module": "module.cognito",
      "mode": "managed",
      "type": "aws_cognito_user_pool_domain",
      "name": "main",
      "provider": "provider[\"registry.terraform.io/hashicorp/aws\"]",
      "instances": [
        {
          "schema_version": 0,
          "attributes": {
            "aws_account_id": "505609109431",
            "certificate_arn": "",
            "cloudfront_distribution": "d3oia8etllorh5.cloudfront.net",
            "cloudfront_distribution_arn": "d3oia8etllorh5.cloudfront.net",
            "cloudfront_distribution_zone_id": "Z2FDTNDATAQYW2",
            "domain": "fhir-cmc-sponsor",
            "id": "fhir-cmc-sponsor",
            "managed_login_version": 1,
            "s3_bucket": "aws-cognito-prod-iad-assets",
            "user_pool_id": "us-east-1_ufKh02bYc",
            "version": "20250504203823"
          },
          "sensitive_attributes": [],
          "private": "bnVsbA==",
          "dependencies": [
            "module.cognito.aws_cognito_user_pool.main"
          ]
        }
      ]
    },
    {
      "module": "module.cognito",
      "mode": "managed",
      "type": "aws_iam_role",
      "name": "authenticated",
      "provider": "provider[\"registry.terraform.io/hashicorp/aws\"]",
      "instances": [
        {
          "schema_version": 0,
          "attributes": {
            "arn": "arn:aws:iam::505609109431:role/fhir-cmc-sponsor-cognito-authenticated",
            "assume_role_policy": "{\"Statement\":[{\"Action\":\"sts:AssumeRoleWithWebIdentity\",\"Condition\":{\"ForAnyValue:StringLike\":{\"cognito-identity.amazonaws.com:amr\":\"authenticated\"},\"StringEquals\":{\"cognito-identity.amazonaws.com:aud\":\"us-east-1:237945a0-a8dc-4d38-927d-897110662847\"}},\"Effect\":\"Allow\",\"Principal\":{\"Federated\":\"cognito-identity.amazonaws.com\"}}],\"Version\":\"2012-10-17\"}",
            "create_date": "2025-05-04T20:38:24Z",
            "description": "",
            "force_detach_policies": false,
            "id": "fhir-cmc-sponsor-cognito-authenticated",
            "inline_policy": [],
            "managed_policy_arns": [],
            "max_session_duration": 3600,
            "name": "fhir-cmc-sponsor-cognito-authenticated",
            "name_prefix": "",
            "path": "/",
            "permissions_boundary": "",
            "tags": {
              "Environment": "sponsor",
              "Name": "fhir-cmc-sponsor-cognito-authenticated",
              "Project": "fhir-cmc"
            },
            "tags_all": {
              "Environment": "sponsor",
              "Name": "fhir-cmc-sponsor-cognito-authenticated",
              "Project": "fhir-cmc"
            },
            "unique_id": "AROAXLOFGX63VG3LERPAE"
          },
          "sensitive_attributes": [],
          "private": "bnVsbA==",
          "dependencies": [
            "module.cognito.aws_cognito_identity_pool.main",
            "module.cognito.aws_cognito_user_pool.main",
            "module.cognito.aws_cognito_user_pool_client.frontend"
          ]
        }
      ]
    },
    {
      "module": "module.cognito",
      "mode": "managed",
      "type": "aws_iam_role_policy",
      "name": "authenticated",
      "provider": "provider[\"registry.terraform.io/hashicorp/aws\"]",
      "instances": [
        {
          "schema_version": 0,
          "attributes": {
            "id": "fhir-cmc-sponsor-cognito-authenticated:fhir-cmc-sponsor-authenticated-policy",
            "name": "fhir-cmc-sponsor-authenticated-policy",
            "name_prefix": "",
            "policy": "{\"Version\":\"2012-10-17\",\"Statement\":[{\"Action\":[\"mobileanalytics:PutEvents\",\"cognito-sync:*\",\"cognito-identity:*\"],\"Effect\":\"Allow\",\"Resource\":\"*\"}]}",
            "role": "fhir-cmc-sponsor-cognito-authenticated"
          },
          "sensitive_attributes": [],
          "private": "bnVsbA==",
          "dependencies": [
            "module.cognito.aws_cognito_identity_pool.main",
            "module.cognito.aws_cognito_user_pool.main",
            "module.cognito.aws_cognito_user_pool_client.frontend",
            "module.cognito.aws_iam_role.authenticated"
          ]
        }
      ]
    },
    {
      "module": "module.database",
      "mode": "managed",
      "type": "aws_rds_cluster",
      "name": "main",
      "provider": "provider[\"registry.terraform.io/hashicorp/aws\"]",
      "instances": [
        {
          "status": "tainted",
          "schema_version": 1,
          "attributes": {
            "allocated_storage": null,
            "allow_major_version_upgrade": null,
            "apply_immediately": true,
            "arn": null,
            "availability_zones": [],
            "backtrack_window": null,
            "backup_retention_period": 7,
            "ca_certificate_identifier": null,
            "ca_certificate_valid_till": null,
            "cluster_identifier": "fhir-cmc-sponsor-aurora-cluster",
            "cluster_identifier_prefix": null,
            "cluster_members": [],
            "cluster_resource_id": null,
            "cluster_scalability_type": null,
            "copy_tags_to_snapshot": false,
            "database_insights_mode": null,
            "database_name": "hapifhir",
            "db_cluster_instance_class": null,
            "db_cluster_parameter_group_name": null,
            "db_instance_parameter_group_name": null,
            "db_subnet_group_name": "fhir-cmc-sponsor-db-subnet-group",
            "db_system_id": null,
            "delete_automated_backups": true,
            "deletion_protection": null,
            "domain": null,
            "domain_iam_role_name": null,
            "enable_global_write_forwarding": false,
            "enable_http_endpoint": false,
            "enable_local_write_forwarding": false,
            "enabled_cloudwatch_logs_exports": [
              "postgresql"
            ],
            "endpoint": null,
            "engine": "aurora-postgresql",
            "engine_lifecycle_support": null,
            "engine_mode": "provisioned",
            "engine_version": "15.3",
            "engine_version_actual": null,
            "final_snapshot_identifier": null,
            "global_cluster_identifier": null,
            "hosted_zone_id": null,
            "iam_database_authentication_enabled": null,
            "iam_roles": [],
            "id": "fhir-cmc-sponsor-aurora-cluster",
            "iops": null,
            "kms_key_id": null,
            "manage_master_user_password": null,
            "master_password": "YourStrongPasswordHere123!",
            "master_password_wo": null,
            "master_password_wo_version": null,
            "master_user_secret": null,
            "master_user_secret_kms_key_id": null,
            "master_username": "dbadmin",
            "monitoring_interval": null,
            "monitoring_role_arn": null,
            "network_type": null,
            "performance_insights_enabled": null,
            "performance_insights_kms_key_id": null,
            "performance_insights_retention_period": null,
            "port": null,
            "preferred_backup_window": "03:00-05:00",
            "preferred_maintenance_window": "sun:01:00-sun:03:00",
            "reader_endpoint": null,
            "replication_source_identifier": null,
            "restore_to_point_in_time": [],
            "s3_import": [],
            "scaling_configuration": [],
            "serverlessv2_scaling_configuration": [
              {
                "max_capacity": 2,
                "min_capacity": 0.5,
                "seconds_until_auto_pause": 0
              }
            ],
            "skip_final_snapshot": true,
            "snapshot_identifier": null,
            "source_region": null,
            "storage_encrypted": true,
            "storage_type": null,
            "tags": {
              "Environment": "sponsor",
              "Name": "fhir-cmc-sponsor-aurora-cluster",
              "Project": "fhir-cmc"
            },
            "tags_all": {
              "Environment": "sponsor",
              "Name": "fhir-cmc-sponsor-aurora-cluster",
              "Project": "fhir-cmc"
            },
            "timeouts": null,
            "vpc_security_group_ids": [
              "sg-03b3a2e52b67cc9cc"
            ]
          },
          "sensitive_attributes": [
            [
              {
                "type": "get_attr",
                "value": "master_password"
              }
            ],
            [
              {
                "type": "get_attr",
                "value": "master_password_wo"
              }
            ],
            [
              {
                "type": "get_attr",
                "value": "master_username"
              }
            ]
          ],
          "private": "eyJlMmJmYjczMC1lY2FhLTExZTYtOGY4OC0zNDM2M2JjN2M0YzAiOnsiY3JlYXRlIjo3MjAwMDAwMDAwMDAwLCJkZWxldGUiOjcyMDAwMDAwMDAwMDAsInVwZGF0ZSI6NzIwMDAwMDAwMDAwMH0sInNjaGVtYV92ZXJzaW9uIjoiMSJ9",
          "dependencies": [
            "data.aws_acm_certificate.domain",
            "module.cognito.aws_cognito_identity_pool.main",
            "module.cognito.aws_cognito_identity_pool_roles_attachment.main",
            "module.cognito.aws_cognito_resource_server.backend",
            "module.cognito.aws_cognito_resource_server.fhir",
            "module.cognito.aws_cognito_user_pool.main",
            "module.cognito.aws_cognito_user_pool_client.backend",
            "module.cognito.aws_cognito_user_pool_client.fhir",
            "module.cognito.aws_cognito_user_pool_client.frontend",
            "module.cognito.aws_cognito_user_pool_domain.main",
            "module.cognito.aws_iam_role.authenticated",
            "module.cognito.aws_iam_role_policy.authenticated",
            "module.cognito.data.aws_region.current",
            "module.network.aws_db_subnet_group.main",
            "module.network.aws_eip.nat",
            "module.network.aws_internet_gateway.main",
            "module.network.aws_lb.main",
            "module.network.aws_lb_listener.api_https",
            "module.network.aws_lb_listener.http",
            "module.network.aws_lb_listener.https",
            "module.network.aws_lb_listener_rule.api_fhir_domain_https",
            "module.network.aws_lb_listener_rule.api_http",
            "module.network.aws_lb_listener_rule.api_https",
            "module.network.aws_lb_listener_rule.api_https_fhir_path",
            "module.network.aws_lb_listener_rule.backend_health_http",
            "module.network.aws_lb_listener_rule.backend_health_https",
            "module.network.aws_lb_listener_rule.fhir_domain_https",
            "module.network.aws_lb_listener_rule.fhir_http",
            "module.network.aws_lb_listener_rule.fhir_https",
            "module.network.aws_lb_listener_rule.frontend_health_http",
            "module.network.aws_lb_listener_rule.frontend_health_https",
            "module.network.aws_lb_listener_rule.oauth_callback_https",
            "module.network.aws_lb_target_group.backend",
            "module.network.aws_lb_target_group.fhir",
            "module.network.aws_lb_target_group.frontend",
            "module.network.aws_nat_gateway.main",
            "module.network.aws_route_table.private",
            "module.network.aws_route_table.public",
            "module.network.aws_route_table_association.private",
            "module.network.aws_route_table_association.public",
            "module.network.aws_security_group.alb",
            "module.network.aws_security_group.database",
            "module.network.aws_security_group.ecs",
            "module.network.aws_subnet.database",
            "module.network.aws_subnet.private",
            "module.network.aws_subnet.public",
            "module.network.aws_vpc.main",
            "module.network.data.aws_caller_identity.current",
            "module.network.data.aws_region.current"
          ]
        }
      ]
    },
    {
      "module": "module.network",
      "mode": "data",
      "type": "aws_caller_identity",
      "name": "current",
      "provider": "provider[\"registry.terraform.io/hashicorp/aws\"]",
      "instances": [
        {
          "schema_version": 0,
          "attributes": {
            "account_id": "505609109431",
            "arn": "arn:aws:iam::505609109431:root",
            "id": "505609109431",
            "user_id": "505609109431"
          },
          "sensitive_attributes": []
        }
      ]
    },
    {
      "module": "module.network",
      "mode": "data",
      "type": "aws_region",
      "name": "current",
      "provider": "provider[\"registry.terraform.io/hashicorp/aws\"]",
      "instances": [
        {
          "schema_version": 0,
          "attributes": {
            "description": "US East (N. Virginia)",
            "endpoint": "ec2.us-east-1.amazonaws.com",
            "id": "us-east-1",
            "name": "us-east-1"
          },
          "sensitive_attributes": []
        }
      ]
    },
    {
      "module": "module.network",
      "mode": "managed",
      "type": "aws_db_subnet_group",
      "name": "main",
      "provider": "provider[\"registry.terraform.io/hashicorp/aws\"]",
      "instances": [
        {
          "schema_version": 0,
          "attributes": {
            "arn": "arn:aws:rds:us-east-1:505609109431:subgrp:fhir-cmc-sponsor-db-subnet-group",
            "description": "Managed by Terraform",
            "id": "fhir-cmc-sponsor-db-subnet-group",
            "name": "fhir-cmc-sponsor-db-subnet-group",
            "name_prefix": "",
            "subnet_ids": [
              "subnet-012bbf51a0f3583f6",
              "subnet-07dfb8835ad3114f2"
            ],
            "supported_network_types": [
              "IPV4"
            ],
            "tags": {
              "Environment": "sponsor",
              "Name": "fhir-cmc-sponsor-db-subnet-group",
              "Project": "fhir-cmc"
            },
            "tags_all": {
              "Environment": "sponsor",
              "Name": "fhir-cmc-sponsor-db-subnet-group",
              "Project": "fhir-cmc"
            },
            "vpc_id": "vpc-03831be4ea84f9c08"
          },
          "sensitive_attributes": [],
          "private": "bnVsbA==",
          "dependencies": [
            "module.cognito.aws_cognito_identity_pool.main",
            "module.cognito.aws_cognito_identity_pool_roles_attachment.main",
            "module.cognito.aws_cognito_resource_server.backend",
            "module.cognito.aws_cognito_resource_server.fhir",
            "module.cognito.aws_cognito_user_pool.main",
            "module.cognito.aws_cognito_user_pool_client.backend",
            "module.cognito.aws_cognito_user_pool_client.fhir",
            "module.cognito.aws_cognito_user_pool_client.frontend",
            "module.cognito.aws_cognito_user_pool_domain.main",
            "module.cognito.aws_iam_role.authenticated",
            "module.cognito.aws_iam_role_policy.authenticated",
            "module.cognito.data.aws_region.current",
            "module.network.aws_subnet.database",
            "module.network.aws_vpc.main"
          ]
        }
      ]
    },
    {
      "module": "module.network",
      "mode": "managed",
      "type": "aws_eip",
      "name": "nat",
      "provider": "provider[\"registry.terraform.io/hashicorp/aws\"]",
      "instances": [
        {
          "index_key": 0,
          "schema_version": 0,
          "attributes": {
            "address": null,
            "allocation_id": "eipalloc-0cc308c7382d44f7c",
            "arn": "arn:aws:ec2:us-east-1:505609109431:elastic-ip/eipalloc-0cc308c7382d44f7c",
            "associate_with_private_ip": null,
            "association_id": "",
            "carrier_ip": "",
            "customer_owned_ip": "",
            "customer_owned_ipv4_pool": "",
            "domain": "vpc",
            "id": "eipalloc-0cc308c7382d44f7c",
            "instance": "",
            "ipam_pool_id": null,
            "network_border_group": "us-east-1",
            "network_interface": "",
            "private_dns": null,
            "private_ip": "",
            "ptr_record": "",
            "public_dns": "ec2-34-202-49-61.compute-1.amazonaws.com",
            "public_ip": "34.202.49.61",
            "public_ipv4_pool": "amazon",
            "tags": {
              "Environment": "sponsor",
              "Name": "fhir-cmc-sponsor-eip-1",
              "Project": "fhir-cmc"
            },
            "tags_all": {
              "Environment": "sponsor",
              "Name": "fhir-cmc-sponsor-eip-1",
              "Project": "fhir-cmc"
            },
            "timeouts": null,
            "vpc": true
          },
          "sensitive_attributes": [],
          "private": "eyJlMmJmYjczMC1lY2FhLTExZTYtOGY4OC0zNDM2M2JjN2M0YzAiOnsiZGVsZXRlIjoxODAwMDAwMDAwMDAsInJlYWQiOjkwMDAwMDAwMDAwMCwidXBkYXRlIjozMDAwMDAwMDAwMDB9fQ==",
          "dependencies": [
            "module.cognito.aws_cognito_identity_pool.main",
            "module.cognito.aws_cognito_identity_pool_roles_attachment.main",
            "module.cognito.aws_cognito_resource_server.backend",
            "module.cognito.aws_cognito_resource_server.fhir",
            "module.cognito.aws_cognito_user_pool.main",
            "module.cognito.aws_cognito_user_pool_client.backend",
            "module.cognito.aws_cognito_user_pool_client.fhir",
            "module.cognito.aws_cognito_user_pool_client.frontend",
            "module.cognito.aws_cognito_user_pool_domain.main",
            "module.cognito.aws_iam_role.authenticated",
            "module.cognito.aws_iam_role_policy.authenticated",
            "module.cognito.data.aws_region.current"
          ]
        },
        {
          "index_key": 1,
          "schema_version": 0,
          "attributes": {
            "address": null,
            "allocation_id": "eipalloc-0ddf90e3f70b3bb29",
            "arn": "arn:aws:ec2:us-east-1:505609109431:elastic-ip/eipalloc-0ddf90e3f70b3bb29",
            "associate_with_private_ip": null,
            "association_id": "",
            "carrier_ip": "",
            "customer_owned_ip": "",
            "customer_owned_ipv4_pool": "",
            "domain": "vpc",
            "id": "eipalloc-0ddf90e3f70b3bb29",
            "instance": "",
            "ipam_pool_id": null,
            "network_border_group": "us-east-1",
            "network_interface": "",
            "private_dns": null,
            "private_ip": "",
            "ptr_record": "",
            "public_dns": "ec2-44-196-64-99.compute-1.amazonaws.com",
            "public_ip": "44.196.64.99",
            "public_ipv4_pool": "amazon",
            "tags": {
              "Environment": "sponsor",
              "Name": "fhir-cmc-sponsor-eip-2",
              "Project": "fhir-cmc"
            },
            "tags_all": {
              "Environment": "sponsor",
              "Name": "fhir-cmc-sponsor-eip-2",
              "Project": "fhir-cmc"
            },
            "timeouts": null,
            "vpc": true
          },
          "sensitive_attributes": [],
          "private": "eyJlMmJmYjczMC1lY2FhLTExZTYtOGY4OC0zNDM2M2JjN2M0YzAiOnsiZGVsZXRlIjoxODAwMDAwMDAwMDAsInJlYWQiOjkwMDAwMDAwMDAwMCwidXBkYXRlIjozMDAwMDAwMDAwMDB9fQ==",
          "dependencies": [
            "module.cognito.aws_cognito_identity_pool.main",
            "module.cognito.aws_cognito_identity_pool_roles_attachment.main",
            "module.cognito.aws_cognito_resource_server.backend",
            "module.cognito.aws_cognito_resource_server.fhir",
            "module.cognito.aws_cognito_user_pool.main",
            "module.cognito.aws_cognito_user_pool_client.backend",
            "module.cognito.aws_cognito_user_pool_client.fhir",
            "module.cognito.aws_cognito_user_pool_client.frontend",
            "module.cognito.aws_cognito_user_pool_domain.main",
            "module.cognito.aws_iam_role.authenticated",
            "module.cognito.aws_iam_role_policy.authenticated",
            "module.cognito.data.aws_region.current"
          ]
        }
      ]
    },
    {
      "module": "module.network",
      "mode": "managed",
      "type": "aws_internet_gateway",
      "name": "main",
      "provider": "provider[\"registry.terraform.io/hashicorp/aws\"]",
      "instances": [
        {
          "schema_version": 0,
          "attributes": {
            "arn": "arn:aws:ec2:us-east-1:505609109431:internet-gateway/igw-012a6399ece85d0d2",
            "id": "igw-012a6399ece85d0d2",
            "owner_id": "505609109431",
            "tags": {
              "Environment": "sponsor",
              "Name": "fhir-cmc-sponsor-igw",
              "Project": "fhir-cmc"
            },
            "tags_all": {
              "Environment": "sponsor",
              "Name": "fhir-cmc-sponsor-igw",
              "Project": "fhir-cmc"
            },
            "timeouts": null,
            "vpc_id": "vpc-03831be4ea84f9c08"
          },
          "sensitive_attributes": [],
          "private": "eyJlMmJmYjczMC1lY2FhLTExZTYtOGY4OC0zNDM2M2JjN2M0YzAiOnsiY3JlYXRlIjoxMjAwMDAwMDAwMDAwLCJkZWxldGUiOjEyMDAwMDAwMDAwMDAsInVwZGF0ZSI6MTIwMDAwMDAwMDAwMH19",
          "dependencies": [
            "module.cognito.aws_cognito_identity_pool.main",
            "module.cognito.aws_cognito_identity_pool_roles_attachment.main",
            "module.cognito.aws_cognito_resource_server.backend",
            "module.cognito.aws_cognito_resource_server.fhir",
            "module.cognito.aws_cognito_user_pool.main",
            "module.cognito.aws_cognito_user_pool_client.backend",
            "module.cognito.aws_cognito_user_pool_client.fhir",
            "module.cognito.aws_cognito_user_pool_client.frontend",
            "module.cognito.aws_cognito_user_pool_domain.main",
            "module.cognito.aws_iam_role.authenticated",
            "module.cognito.aws_iam_role_policy.authenticated",
            "module.cognito.data.aws_region.current",
            "module.network.aws_vpc.main"
          ]
        }
      ]
    },
    {
      "module": "module.network",
      "mode": "managed",
      "type": "aws_lb",
      "name": "main",
      "provider": "provider[\"registry.terraform.io/hashicorp/aws\"]",
      "instances": [
        {
          "schema_version": 0,
          "attributes": {
            "access_logs": [
              {
                "bucket": "",
                "enabled": false,
                "prefix": ""
              }
            ],
            "arn": "arn:aws:elasticloadbalancing:us-east-1:505609109431:loadbalancer/app/fhir-cmc-sponsor-alb/04ee456ba27f61ad",
            "arn_suffix": "app/fhir-cmc-sponsor-alb/04ee456ba27f61ad",
            "client_keep_alive": 3600,
            "connection_logs": [
              {
                "bucket": "",
                "enabled": false,
                "prefix": ""
              }
            ],
            "customer_owned_ipv4_pool": "",
            "desync_mitigation_mode": "defensive",
            "dns_name": "fhir-cmc-sponsor-alb-885507663.us-east-1.elb.amazonaws.com",
            "dns_record_client_routing_policy": null,
            "drop_invalid_header_fields": false,
            "enable_cross_zone_load_balancing": true,
            "enable_deletion_protection": false,
            "enable_http2": true,
            "enable_tls_version_and_cipher_suite_headers": false,
            "enable_waf_fail_open": false,
            "enable_xff_client_port": false,
            "enable_zonal_shift": false,
            "enforce_security_group_inbound_rules_on_private_link_traffic": "",
            "id": "arn:aws:elasticloadbalancing:us-east-1:505609109431:loadbalancer/app/fhir-cmc-sponsor-alb/04ee456ba27f61ad",
            "idle_timeout": 60,
            "internal": false,
            "ip_address_type": "ipv4",
            "ipam_pools": [],
            "load_balancer_type": "application",
            "name": "fhir-cmc-sponsor-alb",
            "name_prefix": "",
            "preserve_host_header": false,
            "security_groups": [
              "sg-06ad3218540d0da29"
            ],
            "subnet_mapping": [
              {
                "allocation_id": "",
                "ipv6_address": "",
                "outpost_id": "",
                "private_ipv4_address": "",
                "subnet_id": "subnet-086d2f7993fb8e3fb"
              },
              {
                "allocation_id": "",
                "ipv6_address": "",
                "outpost_id": "",
                "private_ipv4_address": "",
                "subnet_id": "subnet-0e246b3ec3216ac13"
              }
            ],
            "subnets": [
              "subnet-086d2f7993fb8e3fb",
              "subnet-0e246b3ec3216ac13"
            ],
            "tags": {
              "Environment": "sponsor",
              "Name": "fhir-cmc-sponsor-alb",
              "Project": "fhir-cmc"
            },
            "tags_all": {
              "Environment": "sponsor",
              "Name": "fhir-cmc-sponsor-alb",
              "Project": "fhir-cmc"
            },
            "timeouts": null,
            "vpc_id": "vpc-03831be4ea84f9c08",
            "xff_header_processing_mode": "append",
            "zone_id": "Z35SXDOTRQ7X7K"
          },
          "sensitive_attributes": [],
          "private": "eyJlMmJmYjczMC1lY2FhLTExZTYtOGY4OC0zNDM2M2JjN2M0YzAiOnsiY3JlYXRlIjo2MDAwMDAwMDAwMDAsImRlbGV0ZSI6NjAwMDAwMDAwMDAwLCJ1cGRhdGUiOjYwMDAwMDAwMDAwMH19",
          "dependencies": [
            "module.cognito.aws_cognito_identity_pool.main",
            "module.cognito.aws_cognito_identity_pool_roles_attachment.main",
            "module.cognito.aws_cognito_resource_server.backend",
            "module.cognito.aws_cognito_resource_server.fhir",
            "module.cognito.aws_cognito_user_pool.main",
            "module.cognito.aws_cognito_user_pool_client.backend",
            "module.cognito.aws_cognito_user_pool_client.fhir",
            "module.cognito.aws_cognito_user_pool_client.frontend",
            "module.cognito.aws_cognito_user_pool_domain.main",
            "module.cognito.aws_iam_role.authenticated",
            "module.cognito.aws_iam_role_policy.authenticated",
            "module.cognito.data.aws_region.current",
            "module.network.aws_security_group.alb",
            "module.network.aws_subnet.public",
            "module.network.aws_vpc.main"
          ]
        }
      ]
    },
    {
      "module": "module.network",
      "mode": "managed",
      "type": "aws_lb_listener",
      "name": "api_https",
      "provider": "provider[\"registry.terraform.io/hashicorp/aws\"]",
      "instances": [
        {
          "index_key": 0,
          "schema_version": 0,
          "attributes": {
            "alpn_policy": null,
            "arn": "arn:aws:elasticloadbalancing:us-east-1:505609109431:listener/app/fhir-cmc-sponsor-alb/04ee456ba27f61ad/b17710b78ffd8ac2",
            "certificate_arn": "arn:aws:acm:us-east-1:505609109431:certificate/6deb3666-649d-4458-8886-5ff4a6abd534",
            "default_action": [
              {
                "authenticate_cognito": [],
                "authenticate_oidc": [],
                "fixed_response": [],
                "forward": [],
                "order": 1,
                "redirect": [],
                "target_group_arn": "arn:aws:elasticloadbalancing:us-east-1:505609109431:targetgroup/fhir-cmc-sponsor-fhir-tg/6d0beb0d43b9653a",
                "type": "forward"
              }
            ],
            "id": "arn:aws:elasticloadbalancing:us-east-1:505609109431:listener/app/fhir-cmc-sponsor-alb/04ee456ba27f61ad/b17710b78ffd8ac2",
            "load_balancer_arn": "arn:aws:elasticloadbalancing:us-east-1:505609109431:loadbalancer/app/fhir-cmc-sponsor-alb/04ee456ba27f61ad",
            "mutual_authentication": [
              {
                "advertise_trust_store_ca_names": "",
                "ignore_client_certificate_expiry": false,
                "mode": "off",
                "trust_store_arn": ""
              }
            ],
            "port": 8443,
            "protocol": "HTTPS",
            "routing_http_request_x_amzn_mtls_clientcert_header_name": "",
            "routing_http_request_x_amzn_mtls_clientcert_issuer_header_name": "",
            "routing_http_request_x_amzn_mtls_clientcert_leaf_header_name": "",
            "routing_http_request_x_amzn_mtls_clientcert_serial_number_header_name": "",
            "routing_http_request_x_amzn_mtls_clientcert_subject_header_name": "",
            "routing_http_request_x_amzn_mtls_clientcert_validity_header_name": "",
            "routing_http_request_x_amzn_tls_cipher_suite_header_name": "",
            "routing_http_request_x_amzn_tls_version_header_name": "",
            "routing_http_response_access_control_allow_credentials_header_value": "",
            "routing_http_response_access_control_allow_headers_header_value": "",
            "routing_http_response_access_control_allow_methods_header_value": "",
            "routing_http_response_access_control_allow_origin_header_value": "",
            "routing_http_response_access_control_expose_headers_header_value": "",
            "routing_http_response_access_control_max_age_header_value": "",
            "routing_http_response_content_security_policy_header_value": "",
            "routing_http_response_server_enabled": false,
            "routing_http_response_strict_transport_security_header_value": "",
            "routing_http_response_x_content_type_options_header_value": "",
            "routing_http_response_x_frame_options_header_value": "",
            "ssl_policy": "ELBSecurityPolicy-2016-08",
            "tags": null,
            "tags_all": {},
            "tcp_idle_timeout_seconds": null,
            "timeouts": null
          },
          "sensitive_attributes": [],
          "private": "eyJlMmJmYjczMC1lY2FhLTExZTYtOGY4OC0zNDM2M2JjN2M0YzAiOnsiY3JlYXRlIjozMDAwMDAwMDAwMDAsInVwZGF0ZSI6MzAwMDAwMDAwMDAwfX0=",
          "dependencies": [
            "data.aws_acm_certificate.domain",
            "module.cognito.aws_cognito_identity_pool.main",
            "module.cognito.aws_cognito_identity_pool_roles_attachment.main",
            "module.cognito.aws_cognito_resource_server.backend",
            "module.cognito.aws_cognito_resource_server.fhir",
            "module.cognito.aws_cognito_user_pool.main",
            "module.cognito.aws_cognito_user_pool_client.backend",
            "module.cognito.aws_cognito_user_pool_client.fhir",
            "module.cognito.aws_cognito_user_pool_client.frontend",
            "module.cognito.aws_cognito_user_pool_domain.main",
            "module.cognito.aws_iam_role.authenticated",
            "module.cognito.aws_iam_role_policy.authenticated",
            "module.cognito.data.aws_region.current",
            "module.network.aws_lb.main",
            "module.network.aws_lb_target_group.fhir",
            "module.network.aws_security_group.alb",
            "module.network.aws_subnet.public",
            "module.network.aws_vpc.main"
          ]
        }
      ]
    },
    {
      "module": "module.network",
      "mode": "managed",
      "type": "aws_lb_listener",
      "name": "http",
      "provider": "provider[\"registry.terraform.io/hashicorp/aws\"]",
      "instances": [
        {
          "schema_version": 0,
          "attributes": {
            "alpn_policy": null,
            "arn": "arn:aws:elasticloadbalancing:us-east-1:505609109431:listener/app/fhir-cmc-sponsor-alb/04ee456ba27f61ad/530bae5c30286302",
            "certificate_arn": null,
            "default_action": [
              {
                "authenticate_cognito": [],
                "authenticate_oidc": [],
                "fixed_response": [],
                "forward": [],
                "order": 1,
                "redirect": [
                  {
                    "host": "#{host}",
                    "path": "/#{path}",
                    "port": "443",
                    "protocol": "HTTPS",
                    "query": "#{query}",
                    "status_code": "HTTP_301"
                  }
                ],
                "target_group_arn": "",
                "type": "redirect"
              }
            ],
            "id": "arn:aws:elasticloadbalancing:us-east-1:505609109431:listener/app/fhir-cmc-sponsor-alb/04ee456ba27f61ad/530bae5c30286302",
            "load_balancer_arn": "arn:aws:elasticloadbalancing:us-east-1:505609109431:loadbalancer/app/fhir-cmc-sponsor-alb/04ee456ba27f61ad",
            "mutual_authentication": [],
            "port": 80,
            "protocol": "HTTP",
            "routing_http_request_x_amzn_mtls_clientcert_header_name": null,
            "routing_http_request_x_amzn_mtls_clientcert_issuer_header_name": null,
            "routing_http_request_x_amzn_mtls_clientcert_leaf_header_name": null,
            "routing_http_request_x_amzn_mtls_clientcert_serial_number_header_name": null,
            "routing_http_request_x_amzn_mtls_clientcert_subject_header_name": null,
            "routing_http_request_x_amzn_mtls_clientcert_validity_header_name": null,
            "routing_http_request_x_amzn_tls_cipher_suite_header_name": null,
            "routing_http_request_x_amzn_tls_version_header_name": null,
            "routing_http_response_access_control_allow_credentials_header_value": "",
            "routing_http_response_access_control_allow_headers_header_value": "",
            "routing_http_response_access_control_allow_methods_header_value": "",
            "routing_http_response_access_control_allow_origin_header_value": "",
            "routing_http_response_access_control_expose_headers_header_value": "",
            "routing_http_response_access_control_max_age_header_value": "",
            "routing_http_response_content_security_policy_header_value": "",
            "routing_http_response_server_enabled": false,
            "routing_http_response_strict_transport_security_header_value": "",
            "routing_http_response_x_content_type_options_header_value": "",
            "routing_http_response_x_frame_options_header_value": "",
            "ssl_policy": "",
            "tags": null,
            "tags_all": {},
            "tcp_idle_timeout_seconds": null,
            "timeouts": null
          },
          "sensitive_attributes": [],
          "private": "eyJlMmJmYjczMC1lY2FhLTExZTYtOGY4OC0zNDM2M2JjN2M0YzAiOnsiY3JlYXRlIjozMDAwMDAwMDAwMDAsInVwZGF0ZSI6MzAwMDAwMDAwMDAwfX0=",
          "dependencies": [
            "data.aws_acm_certificate.domain",
            "module.cognito.aws_cognito_identity_pool.main",
            "module.cognito.aws_cognito_identity_pool_roles_attachment.main",
            "module.cognito.aws_cognito_resource_server.backend",
            "module.cognito.aws_cognito_resource_server.fhir",
            "module.cognito.aws_cognito_user_pool.main",
            "module.cognito.aws_cognito_user_pool_client.backend",
            "module.cognito.aws_cognito_user_pool_client.fhir",
            "module.cognito.aws_cognito_user_pool_client.frontend",
            "module.cognito.aws_cognito_user_pool_domain.main",
            "module.cognito.aws_iam_role.authenticated",
            "module.cognito.aws_iam_role_policy.authenticated",
            "module.cognito.data.aws_region.current",
            "module.network.aws_lb.main",
            "module.network.aws_lb_target_group.frontend",
            "module.network.aws_security_group.alb",
            "module.network.aws_subnet.public",
            "module.network.aws_vpc.main"
          ]
        }
      ]
    },
    {
      "module": "module.network",
      "mode": "managed",
      "type": "aws_lb_listener",
      "name": "https",
      "provider": "provider[\"registry.terraform.io/hashicorp/aws\"]",
      "instances": [
        {
          "index_key": 0,
          "schema_version": 0,
          "attributes": {
            "alpn_policy": null,
            "arn": "arn:aws:elasticloadbalancing:us-east-1:505609109431:listener/app/fhir-cmc-sponsor-alb/04ee456ba27f61ad/08fe68709da3ebd0",
            "certificate_arn": "arn:aws:acm:us-east-1:505609109431:certificate/6deb3666-649d-4458-8886-5ff4a6abd534",
            "default_action": [
              {
                "authenticate_cognito": [
                  {
                    "authentication_request_extra_params": null,
                    "on_unauthenticated_request": "authenticate",
                    "scope": "openid profile email",
                    "session_cookie_name": "fhir-cmc-sponsor-session",
                    "session_timeout": 86400,
                    "user_pool_arn": "arn:aws:cognito-idp:us-east-1:505609109431:userpool/us-east-1_ufKh02bYc",
                    "user_pool_client_id": "2ivcpn0kvg4omfordvem7ba1js",
                    "user_pool_domain": "fhir-cmc-sponsor"
                  }
                ],
                "authenticate_oidc": [],
                "fixed_response": [],
                "forward": [],
                "order": 1,
                "redirect": [],
                "target_group_arn": "",
                "type": "authenticate-cognito"
              },
              {
                "authenticate_cognito": [],
                "authenticate_oidc": [],
                "fixed_response": [],
                "forward": [],
                "order": 2,
                "redirect": [],
                "target_group_arn": "arn:aws:elasticloadbalancing:us-east-1:505609109431:targetgroup/fhir-cmc-sponsor-frontend-tg/016e63a6e7bbb6d4",
                "type": "forward"
              }
            ],
            "id": "arn:aws:elasticloadbalancing:us-east-1:505609109431:listener/app/fhir-cmc-sponsor-alb/04ee456ba27f61ad/08fe68709da3ebd0",
            "load_balancer_arn": "arn:aws:elasticloadbalancing:us-east-1:505609109431:loadbalancer/app/fhir-cmc-sponsor-alb/04ee456ba27f61ad",
            "mutual_authentication": [
              {
                "advertise_trust_store_ca_names": "",
                "ignore_client_certificate_expiry": false,
                "mode": "off",
                "trust_store_arn": ""
              }
            ],
            "port": 443,
            "protocol": "HTTPS",
            "routing_http_request_x_amzn_mtls_clientcert_header_name": "",
            "routing_http_request_x_amzn_mtls_clientcert_issuer_header_name": "",
            "routing_http_request_x_amzn_mtls_clientcert_leaf_header_name": "",
            "routing_http_request_x_amzn_mtls_clientcert_serial_number_header_name": "",
            "routing_http_request_x_amzn_mtls_clientcert_subject_header_name": "",
            "routing_http_request_x_amzn_mtls_clientcert_validity_header_name": "",
            "routing_http_request_x_amzn_tls_cipher_suite_header_name": "",
            "routing_http_request_x_amzn_tls_version_header_name": "",
            "routing_http_response_access_control_allow_credentials_header_value": "",
            "routing_http_response_access_control_allow_headers_header_value": "",
            "routing_http_response_access_control_allow_methods_header_value": "",
            "routing_http_response_access_control_allow_origin_header_value": "",
            "routing_http_response_access_control_expose_headers_header_value": "",
            "routing_http_response_access_control_max_age_header_value": "",
            "routing_http_response_content_security_policy_header_value": "",
            "routing_http_response_server_enabled": false,
            "routing_http_response_strict_transport_security_header_value": "",
            "routing_http_response_x_content_type_options_header_value": "",
            "routing_http_response_x_frame_options_header_value": "",
            "ssl_policy": "ELBSecurityPolicy-2016-08",
            "tags": null,
            "tags_all": {},
            "tcp_idle_timeout_seconds": null,
            "timeouts": null
          },
          "sensitive_attributes": [],
          "private": "eyJlMmJmYjczMC1lY2FhLTExZTYtOGY4OC0zNDM2M2JjN2M0YzAiOnsiY3JlYXRlIjozMDAwMDAwMDAwMDAsInVwZGF0ZSI6MzAwMDAwMDAwMDAwfX0=",
          "dependencies": [
            "data.aws_acm_certificate.domain",
            "module.cognito.aws_cognito_identity_pool.main",
            "module.cognito.aws_cognito_identity_pool_roles_attachment.main",
            "module.cognito.aws_cognito_resource_server.backend",
            "module.cognito.aws_cognito_resource_server.fhir",
            "module.cognito.aws_cognito_user_pool.main",
            "module.cognito.aws_cognito_user_pool_client.backend",
            "module.cognito.aws_cognito_user_pool_client.fhir",
            "module.cognito.aws_cognito_user_pool_client.frontend",
            "module.cognito.aws_cognito_user_pool_domain.main",
            "module.cognito.aws_iam_role.authenticated",
            "module.cognito.aws_iam_role_policy.authenticated",
            "module.cognito.data.aws_region.current",
            "module.network.aws_lb.main",
            "module.network.aws_lb_target_group.frontend",
            "module.network.aws_security_group.alb",
            "module.network.aws_subnet.public",
            "module.network.aws_vpc.main",
            "module.network.data.aws_caller_identity.current",
            "module.network.data.aws_region.current"
          ]
        }
      ]
    },
    {
      "module": "module.network",
      "mode": "managed",
      "type": "aws_lb_listener_rule",
      "name": "api_fhir_domain_https",
      "provider": "provider[\"registry.terraform.io/hashicorp/aws\"]",
      "instances": [
        {
          "index_key": 0,
          "schema_version": 0,
          "attributes": {
            "action": [
              {
                "authenticate_cognito": [],
                "authenticate_oidc": [],
                "fixed_response": [],
                "forward": [],
                "order": 1,
                "redirect": [],
                "target_group_arn": "arn:aws:elasticloadbalancing:us-east-1:505609109431:targetgroup/fhir-cmc-sponsor-fhir-tg/6d0beb0d43b9653a",
                "type": "forward"
              }
            ],
            "arn": "arn:aws:elasticloadbalancing:us-east-1:505609109431:listener-rule/app/fhir-cmc-sponsor-alb/04ee456ba27f61ad/08fe68709da3ebd0/495ffeff1c41fd90",
            "condition": [
              {
                "host_header": [
                  {
                    "values": [
                      "api.sponsor-fhir.cmc-fhir-demo.com"
                    ]
                  }
                ],
                "http_header": [],
                "http_request_method": [],
                "path_pattern": [],
                "query_string": [],
                "source_ip": []
              }
            ],
            "id": "arn:aws:elasticloadbalancing:us-east-1:505609109431:listener-rule/app/fhir-cmc-sponsor-alb/04ee456ba27f61ad/08fe68709da3ebd0/495ffeff1c41fd90",
            "listener_arn": "arn:aws:elasticloadbalancing:us-east-1:505609109431:listener/app/fhir-cmc-sponsor-alb/04ee456ba27f61ad/08fe68709da3ebd0",
            "priority": 9,
            "tags": null,
            "tags_all": {}
          },
          "sensitive_attributes": [],
          "private": "bnVsbA==",
          "dependencies": [
            "data.aws_acm_certificate.domain",
            "module.cognito.aws_cognito_identity_pool.main",
            "module.cognito.aws_cognito_identity_pool_roles_attachment.main",
            "module.cognito.aws_cognito_resource_server.backend",
            "module.cognito.aws_cognito_resource_server.fhir",
            "module.cognito.aws_cognito_user_pool.main",
            "module.cognito.aws_cognito_user_pool_client.backend",
            "module.cognito.aws_cognito_user_pool_client.fhir",
            "module.cognito.aws_cognito_user_pool_client.frontend",
            "module.cognito.aws_cognito_user_pool_domain.main",
            "module.cognito.aws_iam_role.authenticated",
            "module.cognito.aws_iam_role_policy.authenticated",
            "module.cognito.data.aws_region.current",
            "module.network.aws_lb.main",
            "module.network.aws_lb_listener.https",
            "module.network.aws_lb_target_group.fhir",
            "module.network.aws_lb_target_group.frontend",
            "module.network.aws_security_group.alb",
            "module.network.aws_subnet.public",
            "module.network.aws_vpc.main",
            "module.network.data.aws_caller_identity.current",
            "module.network.data.aws_region.current"
          ]
        }
      ]
    },
    {
      "module": "module.network",
      "mode": "managed",
      "type": "aws_lb_listener_rule",
      "name": "api_http",
      "provider": "provider[\"registry.terraform.io/hashicorp/aws\"]",
      "instances": []
    },
    {
      "module": "module.network",
      "mode": "managed",
      "type": "aws_lb_listener_rule",
      "name": "api_https",
      "provider": "provider[\"registry.terraform.io/hashicorp/aws\"]",
      "instances": [
        {
          "index_key": 0,
          "schema_version": 0,
          "attributes": {
            "action": [
              {
                "authenticate_cognito": [],
                "authenticate_oidc": [],
                "fixed_response": [],
                "forward": [],
                "order": 1,
                "redirect": [],
                "target_group_arn": "arn:aws:elasticloadbalancing:us-east-1:505609109431:targetgroup/fhir-cmc-sponsor-backend-tg/485383622108982b",
                "type": "forward"
              }
            ],
            "arn": "arn:aws:elasticloadbalancing:us-east-1:505609109431:listener-rule/app/fhir-cmc-sponsor-alb/04ee456ba27f61ad/08fe68709da3ebd0/4357609868e8991c",
            "condition": [
              {
                "host_header": [],
                "http_header": [],
                "http_request_method": [],
                "path_pattern": [
                  {
                    "values": [
                      "/api/*"
                    ]
                  }
                ],
                "query_string": [],
                "source_ip": []
              }
            ],
            "id": "arn:aws:elasticloadbalancing:us-east-1:505609109431:listener-rule/app/fhir-cmc-sponsor-alb/04ee456ba27f61ad/08fe68709da3ebd0/4357609868e8991c",
            "listener_arn": "arn:aws:elasticloadbalancing:us-east-1:505609109431:listener/app/fhir-cmc-sponsor-alb/04ee456ba27f61ad/08fe68709da3ebd0",
            "priority": 100,
            "tags": null,
            "tags_all": {}
          },
          "sensitive_attributes": [],
          "private": "bnVsbA==",
          "dependencies": [
            "data.aws_acm_certificate.domain",
            "module.cognito.aws_cognito_identity_pool.main",
            "module.cognito.aws_cognito_identity_pool_roles_attachment.main",
            "module.cognito.aws_cognito_resource_server.backend",
            "module.cognito.aws_cognito_resource_server.fhir",
            "module.cognito.aws_cognito_user_pool.main",
            "module.cognito.aws_cognito_user_pool_client.backend",
            "module.cognito.aws_cognito_user_pool_client.fhir",
            "module.cognito.aws_cognito_user_pool_client.frontend",
            "module.cognito.aws_cognito_user_pool_domain.main",
            "module.cognito.aws_iam_role.authenticated",
            "module.cognito.aws_iam_role_policy.authenticated",
            "module.cognito.data.aws_region.current",
            "module.network.aws_lb.main",
            "module.network.aws_lb_listener.https",
            "module.network.aws_lb_target_group.backend",
            "module.network.aws_lb_target_group.frontend",
            "module.network.aws_security_group.alb",
            "module.network.aws_subnet.public",
            "module.network.aws_vpc.main",
            "module.network.data.aws_caller_identity.current",
            "module.network.data.aws_region.current"
          ]
        }
      ]
    },
    {
      "module": "module.network",
      "mode": "managed",
      "type": "aws_lb_listener_rule",
      "name": "api_https_fhir_path",
      "provider": "provider[\"registry.terraform.io/hashicorp/aws\"]",
      "instances": [
        {
          "index_key": 0,
          "schema_version": 0,
          "attributes": {
            "action": [
              {
                "authenticate_cognito": [],
                "authenticate_oidc": [],
                "fixed_response": [],
                "forward": [],
                "order": 1,
                "redirect": [],
                "target_group_arn": "arn:aws:elasticloadbalancing:us-east-1:505609109431:targetgroup/fhir-cmc-sponsor-fhir-tg/6d0beb0d43b9653a",
                "type": "forward"
              }
            ],
            "arn": "arn:aws:elasticloadbalancing:us-east-1:505609109431:listener-rule/app/fhir-cmc-sponsor-alb/04ee456ba27f61ad/b17710b78ffd8ac2/2d14b12dcd9692c9",
            "condition": [
              {
                "host_header": [],
                "http_header": [],
                "http_request_method": [],
                "path_pattern": [
                  {
                    "values": [
                      "/fhir/*"
                    ]
                  }
                ],
                "query_string": [],
                "source_ip": []
              }
            ],
            "id": "arn:aws:elasticloadbalancing:us-east-1:505609109431:listener-rule/app/fhir-cmc-sponsor-alb/04ee456ba27f61ad/b17710b78ffd8ac2/2d14b12dcd9692c9",
            "listener_arn": "arn:aws:elasticloadbalancing:us-east-1:505609109431:listener/app/fhir-cmc-sponsor-alb/04ee456ba27f61ad/b17710b78ffd8ac2",
            "priority": 1,
            "tags": null,
            "tags_all": {}
          },
          "sensitive_attributes": [],
          "private": "bnVsbA==",
          "dependencies": [
            "data.aws_acm_certificate.domain",
            "module.cognito.aws_cognito_identity_pool.main",
            "module.cognito.aws_cognito_identity_pool_roles_attachment.main",
            "module.cognito.aws_cognito_resource_server.backend",
            "module.cognito.aws_cognito_resource_server.fhir",
            "module.cognito.aws_cognito_user_pool.main",
            "module.cognito.aws_cognito_user_pool_client.backend",
            "module.cognito.aws_cognito_user_pool_client.fhir",
            "module.cognito.aws_cognito_user_pool_client.frontend",
            "module.cognito.aws_cognito_user_pool_domain.main",
            "module.cognito.aws_iam_role.authenticated",
            "module.cognito.aws_iam_role_policy.authenticated",
            "module.cognito.data.aws_region.current",
            "module.network.aws_lb.main",
            "module.network.aws_lb_listener.api_https",
            "module.network.aws_lb_target_group.fhir",
            "module.network.aws_security_group.alb",
            "module.network.aws_subnet.public",
            "module.network.aws_vpc.main"
          ]
        }
      ]
    },
    {
      "module": "module.network",
      "mode": "managed",
      "type": "aws_lb_listener_rule",
      "name": "backend_health_http",
      "provider": "provider[\"registry.terraform.io/hashicorp/aws\"]",
      "instances": []
    },
    {
      "module": "module.network",
      "mode": "managed",
      "type": "aws_lb_listener_rule",
      "name": "backend_health_https",
      "provider": "provider[\"registry.terraform.io/hashicorp/aws\"]",
      "instances": [
        {
          "index_key": 0,
          "schema_version": 0,
          "attributes": {
            "action": [
              {
                "authenticate_cognito": [],
                "authenticate_oidc": [],
                "fixed_response": [],
                "forward": [],
                "order": 1,
                "redirect": [],
                "target_group_arn": "arn:aws:elasticloadbalancing:us-east-1:505609109431:targetgroup/fhir-cmc-sponsor-backend-tg/485383622108982b",
                "type": "forward"
              }
            ],
            "arn": "arn:aws:elasticloadbalancing:us-east-1:505609109431:listener-rule/app/fhir-cmc-sponsor-alb/04ee456ba27f61ad/08fe68709da3ebd0/e3605cfc87f25efc",
            "condition": [
              {
                "host_header": [],
                "http_header": [],
                "http_request_method": [],
                "path_pattern": [
                  {
                    "values": [
                      "/api/health"
                    ]
                  }
                ],
                "query_string": [],
                "source_ip": []
              }
            ],
            "id": "arn:aws:elasticloadbalancing:us-east-1:505609109431:listener-rule/app/fhir-cmc-sponsor-alb/04ee456ba27f61ad/08fe68709da3ebd0/e3605cfc87f25efc",
            "listener_arn": "arn:aws:elasticloadbalancing:us-east-1:505609109431:listener/app/fhir-cmc-sponsor-alb/04ee456ba27f61ad/08fe68709da3ebd0",
            "priority": 101,
            "tags": null,
            "tags_all": {}
          },
          "sensitive_attributes": [],
          "private": "bnVsbA==",
          "dependencies": [
            "data.aws_acm_certificate.domain",
            "module.cognito.aws_cognito_identity_pool.main",
            "module.cognito.aws_cognito_identity_pool_roles_attachment.main",
            "module.cognito.aws_cognito_resource_server.backend",
            "module.cognito.aws_cognito_resource_server.fhir",
            "module.cognito.aws_cognito_user_pool.main",
            "module.cognito.aws_cognito_user_pool_client.backend",
            "module.cognito.aws_cognito_user_pool_client.fhir",
            "module.cognito.aws_cognito_user_pool_client.frontend",
            "module.cognito.aws_cognito_user_pool_domain.main",
            "module.cognito.aws_iam_role.authenticated",
            "module.cognito.aws_iam_role_policy.authenticated",
            "module.cognito.data.aws_region.current",
            "module.network.aws_lb.main",
            "module.network.aws_lb_listener.https",
            "module.network.aws_lb_target_group.backend",
            "module.network.aws_lb_target_group.frontend",
            "module.network.aws_security_group.alb",
            "module.network.aws_subnet.public",
            "module.network.aws_vpc.main",
            "module.network.data.aws_caller_identity.current",
            "module.network.data.aws_region.current"
          ]
        }
      ]
    },
    {
      "module": "module.network",
      "mode": "managed",
      "type": "aws_lb_listener_rule",
      "name": "fhir_domain_https",
      "provider": "provider[\"registry.terraform.io/hashicorp/aws\"]",
      "instances": [
        {
          "index_key": 0,
          "schema_version": 0,
          "attributes": {
            "action": [
              {
                "authenticate_cognito": [
                  {
                    "authentication_request_extra_params": null,
                    "on_unauthenticated_request": "authenticate",
                    "scope": "openid profile email",
                    "session_cookie_name": "fhir-cmc-sponsor-fhir-session",
                    "session_timeout": 86400,
                    "user_pool_arn": "arn:aws:cognito-idp:us-east-1:505609109431:userpool/us-east-1_ufKh02bYc",
                    "user_pool_client_id": "2ivcpn0kvg4omfordvem7ba1js",
                    "user_pool_domain": "fhir-cmc-sponsor"
                  }
                ],
                "authenticate_oidc": [],
                "fixed_response": [],
                "forward": [],
                "order": 1,
                "redirect": [],
                "target_group_arn": "",
                "type": "authenticate-cognito"
              },
              {
                "authenticate_cognito": [],
                "authenticate_oidc": [],
                "fixed_response": [],
                "forward": [],
                "order": 2,
                "redirect": [],
                "target_group_arn": "arn:aws:elasticloadbalancing:us-east-1:505609109431:targetgroup/fhir-cmc-sponsor-fhir-tg/6d0beb0d43b9653a",
                "type": "forward"
              }
            ],
            "arn": "arn:aws:elasticloadbalancing:us-east-1:505609109431:listener-rule/app/fhir-cmc-sponsor-alb/04ee456ba27f61ad/08fe68709da3ebd0/3559abe85b997b99",
            "condition": [
              {
                "host_header": [
                  {
                    "values": [
                      "sponsor-fhir.cmc-fhir-demo.com"
                    ]
                  }
                ],
                "http_header": [],
                "http_request_method": [],
                "path_pattern": [],
                "query_string": [],
                "source_ip": []
              }
            ],
            "id": "arn:aws:elasticloadbalancing:us-east-1:505609109431:listener-rule/app/fhir-cmc-sponsor-alb/04ee456ba27f61ad/08fe68709da3ebd0/3559abe85b997b99",
            "listener_arn": "arn:aws:elasticloadbalancing:us-east-1:505609109431:listener/app/fhir-cmc-sponsor-alb/04ee456ba27f61ad/08fe68709da3ebd0",
            "priority": 8,
            "tags": null,
            "tags_all": {}
          },
          "sensitive_attributes": [],
          "private": "bnVsbA==",
          "dependencies": [
            "data.aws_acm_certificate.domain",
            "module.cognito.aws_cognito_identity_pool.main",
            "module.cognito.aws_cognito_identity_pool_roles_attachment.main",
            "module.cognito.aws_cognito_resource_server.backend",
            "module.cognito.aws_cognito_resource_server.fhir",
            "module.cognito.aws_cognito_user_pool.main",
            "module.cognito.aws_cognito_user_pool_client.backend",
            "module.cognito.aws_cognito_user_pool_client.fhir",
            "module.cognito.aws_cognito_user_pool_client.frontend",
            "module.cognito.aws_cognito_user_pool_domain.main",
            "module.cognito.aws_iam_role.authenticated",
            "module.cognito.aws_iam_role_policy.authenticated",
            "module.cognito.data.aws_region.current",
            "module.network.aws_lb.main",
            "module.network.aws_lb_listener.https",
            "module.network.aws_lb_target_group.fhir",
            "module.network.aws_lb_target_group.frontend",
            "module.network.aws_security_group.alb",
            "module.network.aws_subnet.public",
            "module.network.aws_vpc.main",
            "module.network.data.aws_caller_identity.current",
            "module.network.data.aws_region.current"
          ]
        }
      ]
    },
    {
      "module": "module.network",
      "mode": "managed",
      "type": "aws_lb_listener_rule",
      "name": "fhir_http",
      "provider": "provider[\"registry.terraform.io/hashicorp/aws\"]",
      "instances": []
    },
    {
      "module": "module.network",
      "mode": "managed",
      "type": "aws_lb_listener_rule",
      "name": "fhir_https",
      "provider": "provider[\"registry.terraform.io/hashicorp/aws\"]",
      "instances": [
        {
          "index_key": 0,
          "schema_version": 0,
          "attributes": {
            "action": [
              {
                "authenticate_cognito": [],
                "authenticate_oidc": [],
                "fixed_response": [],
                "forward": [],
                "order": 1,
                "redirect": [],
                "target_group_arn": "arn:aws:elasticloadbalancing:us-east-1:505609109431:targetgroup/fhir-cmc-sponsor-fhir-tg/6d0beb0d43b9653a",
                "type": "forward"
              }
            ],
            "arn": "arn:aws:elasticloadbalancing:us-east-1:505609109431:listener-rule/app/fhir-cmc-sponsor-alb/04ee456ba27f61ad/08fe68709da3ebd0/7153848e390fd54d",
            "condition": [
              {
                "host_header": [],
                "http_header": [],
                "http_request_method": [],
                "path_pattern": [
                  {
                    "values": [
                      "/fhir/*"
                    ]
                  }
                ],
                "query_string": [],
                "source_ip": []
              }
            ],
            "id": "arn:aws:elasticloadbalancing:us-east-1:505609109431:listener-rule/app/fhir-cmc-sponsor-alb/04ee456ba27f61ad/08fe68709da3ebd0/7153848e390fd54d",
            "listener_arn": "arn:aws:elasticloadbalancing:us-east-1:505609109431:listener/app/fhir-cmc-sponsor-alb/04ee456ba27f61ad/08fe68709da3ebd0",
            "priority": 200,
            "tags": null,
            "tags_all": {}
          },
          "sensitive_attributes": [],
          "private": "bnVsbA==",
          "dependencies": [
            "data.aws_acm_certificate.domain",
            "module.cognito.aws_cognito_identity_pool.main",
            "module.cognito.aws_cognito_identity_pool_roles_attachment.main",
            "module.cognito.aws_cognito_resource_server.backend",
            "module.cognito.aws_cognito_resource_server.fhir",
            "module.cognito.aws_cognito_user_pool.main",
            "module.cognito.aws_cognito_user_pool_client.backend",
            "module.cognito.aws_cognito_user_pool_client.fhir",
            "module.cognito.aws_cognito_user_pool_client.frontend",
            "module.cognito.aws_cognito_user_pool_domain.main",
            "module.cognito.aws_iam_role.authenticated",
            "module.cognito.aws_iam_role_policy.authenticated",
            "module.cognito.data.aws_region.current",
            "module.network.aws_lb.main",
            "module.network.aws_lb_listener.https",
            "module.network.aws_lb_target_group.fhir",
            "module.network.aws_lb_target_group.frontend",
            "module.network.aws_security_group.alb",
            "module.network.aws_subnet.public",
            "module.network.aws_vpc.main",
            "module.network.data.aws_caller_identity.current",
            "module.network.data.aws_region.current"
          ]
        }
      ]
    },
    {
      "module": "module.network",
      "mode": "managed",
      "type": "aws_lb_listener_rule",
      "name": "frontend_health_http",
      "provider": "provider[\"registry.terraform.io/hashicorp/aws\"]",
      "instances": []
    },
    {
      "module": "module.network",
      "mode": "managed",
      "type": "aws_lb_listener_rule",
      "name": "frontend_health_https",
      "provider": "provider[\"registry.terraform.io/hashicorp/aws\"]",
      "instances": [
        {
          "index_key": 0,
          "schema_version": 0,
          "attributes": {
            "action": [
              {
                "authenticate_cognito": [],
                "authenticate_oidc": [],
                "fixed_response": [],
                "forward": [],
                "order": 1,
                "redirect": [],
                "target_group_arn": "arn:aws:elasticloadbalancing:us-east-1:505609109431:targetgroup/fhir-cmc-sponsor-frontend-tg/016e63a6e7bbb6d4",
                "type": "forward"
              }
            ],
            "arn": "arn:aws:elasticloadbalancing:us-east-1:505609109431:listener-rule/app/fhir-cmc-sponsor-alb/04ee456ba27f61ad/08fe68709da3ebd0/2466825f01f701bc",
            "condition": [
              {
                "host_header": [],
                "http_header": [],
                "http_request_method": [],
                "path_pattern": [
                  {
                    "values": [
                      "/health"
                    ]
                  }
                ],
                "query_string": [],
                "source_ip": []
              }
            ],
            "id": "arn:aws:elasticloadbalancing:us-east-1:505609109431:listener-rule/app/fhir-cmc-sponsor-alb/04ee456ba27f61ad/08fe68709da3ebd0/2466825f01f701bc",
            "listener_arn": "arn:aws:elasticloadbalancing:us-east-1:505609109431:listener/app/fhir-cmc-sponsor-alb/04ee456ba27f61ad/08fe68709da3ebd0",
            "priority": 10,
            "tags": null,
            "tags_all": {}
          },
          "sensitive_attributes": [],
          "private": "bnVsbA==",
          "dependencies": [
            "data.aws_acm_certificate.domain",
            "module.cognito.aws_cognito_identity_pool.main",
            "module.cognito.aws_cognito_identity_pool_roles_attachment.main",
            "module.cognito.aws_cognito_resource_server.backend",
            "module.cognito.aws_cognito_resource_server.fhir",
            "module.cognito.aws_cognito_user_pool.main",
            "module.cognito.aws_cognito_user_pool_client.backend",
            "module.cognito.aws_cognito_user_pool_client.fhir",
            "module.cognito.aws_cognito_user_pool_client.frontend",
            "module.cognito.aws_cognito_user_pool_domain.main",
            "module.cognito.aws_iam_role.authenticated",
            "module.cognito.aws_iam_role_policy.authenticated",
            "module.cognito.data.aws_region.current",
            "module.network.aws_lb.main",
            "module.network.aws_lb_listener.https",
            "module.network.aws_lb_target_group.frontend",
            "module.network.aws_security_group.alb",
            "module.network.aws_subnet.public",
            "module.network.aws_vpc.main",
            "module.network.data.aws_caller_identity.current",
            "module.network.data.aws_region.current"
          ]
        }
      ]
    },
    {
      "module": "module.network",
      "mode": "managed",
      "type": "aws_lb_listener_rule",
      "name": "oauth_callback_https",
      "provider": "provider[\"registry.terraform.io/hashicorp/aws\"]",
      "instances": [
        {
          "index_key": 0,
          "schema_version": 0,
          "attributes": {
            "action": [
              {
                "authenticate_cognito": [],
                "authenticate_oidc": [],
                "fixed_response": [],
                "forward": [],
                "order": 1,
                "redirect": [],
                "target_group_arn": "arn:aws:elasticloadbalancing:us-east-1:505609109431:targetgroup/fhir-cmc-sponsor-frontend-tg/016e63a6e7bbb6d4",
                "type": "forward"
              }
            ],
            "arn": "arn:aws:elasticloadbalancing:us-east-1:505609109431:listener-rule/app/fhir-cmc-sponsor-alb/04ee456ba27f61ad/08fe68709da3ebd0/ef20d6815378aba6",
            "condition": [
              {
                "host_header": [],
                "http_header": [],
                "http_request_method": [],
                "path_pattern": [
                  {
                    "values": [
                      "/oauth2/idpresponse"
                    ]
                  }
                ],
                "query_string": [],
                "source_ip": []
              }
            ],
            "id": "arn:aws:elasticloadbalancing:us-east-1:505609109431:listener-rule/app/fhir-cmc-sponsor-alb/04ee456ba27f61ad/08fe68709da3ebd0/ef20d6815378aba6",
            "listener_arn": "arn:aws:elasticloadbalancing:us-east-1:505609109431:listener/app/fhir-cmc-sponsor-alb/04ee456ba27f61ad/08fe68709da3ebd0",
            "priority": 5,
            "tags": null,
            "tags_all": {}
          },
          "sensitive_attributes": [],
          "private": "bnVsbA==",
          "dependencies": [
            "data.aws_acm_certificate.domain",
            "module.cognito.aws_cognito_identity_pool.main",
            "module.cognito.aws_cognito_identity_pool_roles_attachment.main",
            "module.cognito.aws_cognito_resource_server.backend",
            "module.cognito.aws_cognito_resource_server.fhir",
            "module.cognito.aws_cognito_user_pool.main",
            "module.cognito.aws_cognito_user_pool_client.backend",
            "module.cognito.aws_cognito_user_pool_client.fhir",
            "module.cognito.aws_cognito_user_pool_client.frontend",
            "module.cognito.aws_cognito_user_pool_domain.main",
            "module.cognito.aws_iam_role.authenticated",
            "module.cognito.aws_iam_role_policy.authenticated",
            "module.cognito.data.aws_region.current",
            "module.network.aws_lb.main",
            "module.network.aws_lb_listener.https",
            "module.network.aws_lb_target_group.frontend",
            "module.network.aws_security_group.alb",
            "module.network.aws_subnet.public",
            "module.network.aws_vpc.main",
            "module.network.data.aws_caller_identity.current",
            "module.network.data.aws_region.current"
          ]
        }
      ]
    },
    {
      "module": "module.network",
      "mode": "managed",
      "type": "aws_lb_target_group",
      "name": "backend",
      "provider": "provider[\"registry.terraform.io/hashicorp/aws\"]",
      "instances": [
        {
          "schema_version": 0,
          "attributes": {
            "arn": "arn:aws:elasticloadbalancing:us-east-1:505609109431:targetgroup/fhir-cmc-sponsor-backend-tg/485383622108982b",
            "arn_suffix": "targetgroup/fhir-cmc-sponsor-backend-tg/485383622108982b",
            "connection_termination": null,
            "deregistration_delay": "300",
            "health_check": [
              {
                "enabled": true,
                "healthy_threshold": 3,
                "interval": 30,
                "matcher": "200-299",
                "path": "/api/health",
                "port": "traffic-port",
                "protocol": "HTTP",
                "timeout": 5,
                "unhealthy_threshold": 3
              }
            ],
            "id": "arn:aws:elasticloadbalancing:us-east-1:505609109431:targetgroup/fhir-cmc-sponsor-backend-tg/485383622108982b",
            "ip_address_type": "ipv4",
            "lambda_multi_value_headers_enabled": false,
            "load_balancer_arns": [],
            "load_balancing_algorithm_type": "round_robin",
            "load_balancing_anomaly_mitigation": "off",
            "load_balancing_cross_zone_enabled": "use_load_balancer_configuration",
            "name": "fhir-cmc-sponsor-backend-tg",
            "name_prefix": "",
            "port": 8000,
            "preserve_client_ip": null,
            "protocol": "HTTP",
            "protocol_version": "HTTP1",
            "proxy_protocol_v2": false,
            "slow_start": 0,
            "stickiness": [
              {
                "cookie_duration": 86400,
                "cookie_name": "",
                "enabled": false,
                "type": "lb_cookie"
              }
            ],
            "tags": {
              "Environment": "sponsor",
              "Name": "fhir-cmc-sponsor-backend-tg",
              "Project": "fhir-cmc"
            },
            "tags_all": {
              "Environment": "sponsor",
              "Name": "fhir-cmc-sponsor-backend-tg",
              "Project": "fhir-cmc"
            },
            "target_failover": [
              {
                "on_deregistration": null,
                "on_unhealthy": null
              }
            ],
            "target_group_health": [
              {
                "dns_failover": [
                  {
                    "minimum_healthy_targets_count": "1",
                    "minimum_healthy_targets_percentage": "off"
                  }
                ],
                "unhealthy_state_routing": [
                  {
                    "minimum_healthy_targets_count": 1,
                    "minimum_healthy_targets_percentage": "off"
                  }
                ]
              }
            ],
            "target_health_state": [
              {
                "enable_unhealthy_connection_termination": null,
                "unhealthy_draining_interval": null
              }
            ],
            "target_type": "ip",
            "vpc_id": "vpc-03831be4ea84f9c08"
          },
          "sensitive_attributes": [],
          "private": "bnVsbA==",
          "dependencies": [
            "module.cognito.aws_cognito_identity_pool.main",
            "module.cognito.aws_cognito_identity_pool_roles_attachment.main",
            "module.cognito.aws_cognito_resource_server.backend",
            "module.cognito.aws_cognito_resource_server.fhir",
            "module.cognito.aws_cognito_user_pool.main",
            "module.cognito.aws_cognito_user_pool_client.backend",
            "module.cognito.aws_cognito_user_pool_client.fhir",
            "module.cognito.aws_cognito_user_pool_client.frontend",
            "module.cognito.aws_cognito_user_pool_domain.main",
            "module.cognito.aws_iam_role.authenticated",
            "module.cognito.aws_iam_role_policy.authenticated",
            "module.cognito.data.aws_region.current",
            "module.network.aws_vpc.main"
          ]
        }
      ]
    },
    {
      "module": "module.network",
      "mode": "managed",
      "type": "aws_lb_target_group",
      "name": "fhir",
      "provider": "provider[\"registry.terraform.io/hashicorp/aws\"]",
      "instances": [
        {
          "schema_version": 0,
          "attributes": {
            "arn": "arn:aws:elasticloadbalancing:us-east-1:505609109431:targetgroup/fhir-cmc-sponsor-fhir-tg/6d0beb0d43b9653a",
            "arn_suffix": "targetgroup/fhir-cmc-sponsor-fhir-tg/6d0beb0d43b9653a",
            "connection_termination": null,
            "deregistration_delay": "300",
            "health_check": [
              {
                "enabled": true,
                "healthy_threshold": 3,
                "interval": 30,
                "matcher": "200-299",
                "path": "/fhir/metadata",
                "port": "traffic-port",
                "protocol": "HTTP",
                "timeout": 5,
                "unhealthy_threshold": 3
              }
            ],
            "id": "arn:aws:elasticloadbalancing:us-east-1:505609109431:targetgroup/fhir-cmc-sponsor-fhir-tg/6d0beb0d43b9653a",
            "ip_address_type": "ipv4",
            "lambda_multi_value_headers_enabled": false,
            "load_balancer_arns": [],
            "load_balancing_algorithm_type": "round_robin",
            "load_balancing_anomaly_mitigation": "off",
            "load_balancing_cross_zone_enabled": "use_load_balancer_configuration",
            "name": "fhir-cmc-sponsor-fhir-tg",
            "name_prefix": "",
            "port": 8080,
            "preserve_client_ip": null,
            "protocol": "HTTP",
            "protocol_version": "HTTP1",
            "proxy_protocol_v2": false,
            "slow_start": 0,
            "stickiness": [
              {
                "cookie_duration": 86400,
                "cookie_name": "",
                "enabled": false,
                "type": "lb_cookie"
              }
            ],
            "tags": {
              "Environment": "sponsor",
              "Name": "fhir-cmc-sponsor-fhir-tg",
              "Project": "fhir-cmc"
            },
            "tags_all": {
              "Environment": "sponsor",
              "Name": "fhir-cmc-sponsor-fhir-tg",
              "Project": "fhir-cmc"
            },
            "target_failover": [
              {
                "on_deregistration": null,
                "on_unhealthy": null
              }
            ],
            "target_group_health": [
              {
                "dns_failover": [
                  {
                    "minimum_healthy_targets_count": "1",
                    "minimum_healthy_targets_percentage": "off"
                  }
                ],
                "unhealthy_state_routing": [
                  {
                    "minimum_healthy_targets_count": 1,
                    "minimum_healthy_targets_percentage": "off"
                  }
                ]
              }
            ],
            "target_health_state": [
              {
                "enable_unhealthy_connection_termination": null,
                "unhealthy_draining_interval": null
              }
            ],
            "target_type": "ip",
            "vpc_id": "vpc-03831be4ea84f9c08"
          },
          "sensitive_attributes": [],
          "private": "bnVsbA==",
          "dependencies": [
            "module.cognito.aws_cognito_identity_pool.main",
            "module.cognito.aws_cognito_identity_pool_roles_attachment.main",
            "module.cognito.aws_cognito_resource_server.backend",
            "module.cognito.aws_cognito_resource_server.fhir",
            "module.cognito.aws_cognito_user_pool.main",
            "module.cognito.aws_cognito_user_pool_client.backend",
            "module.cognito.aws_cognito_user_pool_client.fhir",
            "module.cognito.aws_cognito_user_pool_client.frontend",
            "module.cognito.aws_cognito_user_pool_domain.main",
            "module.cognito.aws_iam_role.authenticated",
            "module.cognito.aws_iam_role_policy.authenticated",
            "module.cognito.data.aws_region.current",
            "module.network.aws_vpc.main"
          ]
        }
      ]
    },
    {
      "module": "module.network",
      "mode": "managed",
      "type": "aws_lb_target_group",
      "name": "frontend",
      "provider": "provider[\"registry.terraform.io/hashicorp/aws\"]",
      "instances": [
        {
          "schema_version": 0,
          "attributes": {
            "arn": "arn:aws:elasticloadbalancing:us-east-1:505609109431:targetgroup/fhir-cmc-sponsor-frontend-tg/016e63a6e7bbb6d4",
            "arn_suffix": "targetgroup/fhir-cmc-sponsor-frontend-tg/016e63a6e7bbb6d4",
            "connection_termination": null,
            "deregistration_delay": "300",
            "health_check": [
              {
                "enabled": true,
                "healthy_threshold": 3,
                "interval": 30,
                "matcher": "200-299",
                "path": "/health",
                "port": "traffic-port",
                "protocol": "HTTP",
                "timeout": 5,
                "unhealthy_threshold": 3
              }
            ],
            "id": "arn:aws:elasticloadbalancing:us-east-1:505609109431:targetgroup/fhir-cmc-sponsor-frontend-tg/016e63a6e7bbb6d4",
            "ip_address_type": "ipv4",
            "lambda_multi_value_headers_enabled": false,
            "load_balancer_arns": [],
            "load_balancing_algorithm_type": "round_robin",
            "load_balancing_anomaly_mitigation": "off",
            "load_balancing_cross_zone_enabled": "use_load_balancer_configuration",
            "name": "fhir-cmc-sponsor-frontend-tg",
            "name_prefix": "",
            "port": 80,
            "preserve_client_ip": null,
            "protocol": "HTTP",
            "protocol_version": "HTTP1",
            "proxy_protocol_v2": false,
            "slow_start": 0,
            "stickiness": [
              {
                "cookie_duration": 86400,
                "cookie_name": "",
                "enabled": false,
                "type": "lb_cookie"
              }
            ],
            "tags": {
              "Environment": "sponsor",
              "Name": "fhir-cmc-sponsor-frontend-tg",
              "Project": "fhir-cmc"
            },
            "tags_all": {
              "Environment": "sponsor",
              "Name": "fhir-cmc-sponsor-frontend-tg",
              "Project": "fhir-cmc"
            },
            "target_failover": [
              {
                "on_deregistration": null,
                "on_unhealthy": null
              }
            ],
            "target_group_health": [
              {
                "dns_failover": [
                  {
                    "minimum_healthy_targets_count": "1",
                    "minimum_healthy_targets_percentage": "off"
                  }
                ],
                "unhealthy_state_routing": [
                  {
                    "minimum_healthy_targets_count": 1,
                    "minimum_healthy_targets_percentage": "off"
                  }
                ]
              }
            ],
            "target_health_state": [
              {
                "enable_unhealthy_connection_termination": null,
                "unhealthy_draining_interval": null
              }
            ],
            "target_type": "ip",
            "vpc_id": "vpc-03831be4ea84f9c08"
          },
          "sensitive_attributes": [],
          "private": "bnVsbA==",
          "dependencies": [
            "module.cognito.aws_cognito_identity_pool.main",
            "module.cognito.aws_cognito_identity_pool_roles_attachment.main",
            "module.cognito.aws_cognito_resource_server.backend",
            "module.cognito.aws_cognito_resource_server.fhir",
            "module.cognito.aws_cognito_user_pool.main",
            "module.cognito.aws_cognito_user_pool_client.backend",
            "module.cognito.aws_cognito_user_pool_client.fhir",
            "module.cognito.aws_cognito_user_pool_client.frontend",
            "module.cognito.aws_cognito_user_pool_domain.main",
            "module.cognito.aws_iam_role.authenticated",
            "module.cognito.aws_iam_role_policy.authenticated",
            "module.cognito.data.aws_region.current",
            "module.network.aws_vpc.main"
          ]
        }
      ]
    },
    {
      "module": "module.network",
      "mode": "managed",
      "type": "aws_nat_gateway",
      "name": "main",
      "provider": "provider[\"registry.terraform.io/hashicorp/aws\"]",
      "instances": [
        {
          "index_key": 0,
          "schema_version": 0,
          "attributes": {
            "allocation_id": "eipalloc-0cc308c7382d44f7c",
            "association_id": "eipassoc-0cee818fe261b6b68",
            "connectivity_type": "public",
            "id": "nat-075a7e04644f25581",
            "network_interface_id": "eni-098c940822924209f",
            "private_ip": "10.0.0.22",
            "public_ip": "34.202.49.61",
            "secondary_allocation_ids": null,
            "secondary_private_ip_address_count": 0,
            "secondary_private_ip_addresses": [],
            "subnet_id": "subnet-0e246b3ec3216ac13",
            "tags": {
              "Environment": "sponsor",
              "Name": "fhir-cmc-sponsor-nat-1",
              "Project": "fhir-cmc"
            },
            "tags_all": {
              "Environment": "sponsor",
              "Name": "fhir-cmc-sponsor-nat-1",
              "Project": "fhir-cmc"
            },
            "timeouts": null
          },
          "sensitive_attributes": [],
          "private": "eyJlMmJmYjczMC1lY2FhLTExZTYtOGY4OC0zNDM2M2JjN2M0YzAiOnsiY3JlYXRlIjo2MDAwMDAwMDAwMDAsImRlbGV0ZSI6MTgwMDAwMDAwMDAwMCwidXBkYXRlIjo2MDAwMDAwMDAwMDB9fQ==",
          "dependencies": [
            "module.cognito.aws_cognito_identity_pool.main",
            "module.cognito.aws_cognito_identity_pool_roles_attachment.main",
            "module.cognito.aws_cognito_resource_server.backend",
            "module.cognito.aws_cognito_resource_server.fhir",
            "module.cognito.aws_cognito_user_pool.main",
            "module.cognito.aws_cognito_user_pool_client.backend",
            "module.cognito.aws_cognito_user_pool_client.fhir",
            "module.cognito.aws_cognito_user_pool_client.frontend",
            "module.cognito.aws_cognito_user_pool_domain.main",
            "module.cognito.aws_iam_role.authenticated",
            "module.cognito.aws_iam_role_policy.authenticated",
            "module.cognito.data.aws_region.current",
            "module.network.aws_eip.nat",
            "module.network.aws_internet_gateway.main",
            "module.network.aws_subnet.public",
            "module.network.aws_vpc.main"
          ]
        },
        {
          "index_key": 1,
          "schema_version": 0,
          "attributes": {
            "allocation_id": "eipalloc-0ddf90e3f70b3bb29",
            "association_id": "eipassoc-042d99af0c75bf238",
            "connectivity_type": "public",
            "id": "nat-0742a1ad0457fe9ca",
            "network_interface_id": "eni-0cbb583502fa652a7",
            "private_ip": "10.0.1.250",
            "public_ip": "44.196.64.99",
            "secondary_allocation_ids": null,
            "secondary_private_ip_address_count": 0,
            "secondary_private_ip_addresses": [],
            "subnet_id": "subnet-086d2f7993fb8e3fb",
            "tags": {
              "Environment": "sponsor",
              "Name": "fhir-cmc-sponsor-nat-2",
              "Project": "fhir-cmc"
            },
            "tags_all": {
              "Environment": "sponsor",
              "Name": "fhir-cmc-sponsor-nat-2",
              "Project": "fhir-cmc"
            },
            "timeouts": null
          },
          "sensitive_attributes": [],
          "private": "eyJlMmJmYjczMC1lY2FhLTExZTYtOGY4OC0zNDM2M2JjN2M0YzAiOnsiY3JlYXRlIjo2MDAwMDAwMDAwMDAsImRlbGV0ZSI6MTgwMDAwMDAwMDAwMCwidXBkYXRlIjo2MDAwMDAwMDAwMDB9fQ==",
          "dependencies": [
            "module.cognito.aws_cognito_identity_pool.main",
            "module.cognito.aws_cognito_identity_pool_roles_attachment.main",
            "module.cognito.aws_cognito_resource_server.backend",
            "module.cognito.aws_cognito_resource_server.fhir",
            "module.cognito.aws_cognito_user_pool.main",
            "module.cognito.aws_cognito_user_pool_client.backend",
            "module.cognito.aws_cognito_user_pool_client.fhir",
            "module.cognito.aws_cognito_user_pool_client.frontend",
            "module.cognito.aws_cognito_user_pool_domain.main",
            "module.cognito.aws_iam_role.authenticated",
            "module.cognito.aws_iam_role_policy.authenticated",
            "module.cognito.data.aws_region.current",
            "module.network.aws_eip.nat",
            "module.network.aws_internet_gateway.main",
            "module.network.aws_subnet.public",
            "module.network.aws_vpc.main"
          ]
        }
      ]
    },
    {
      "module": "module.network",
      "mode": "managed",
      "type": "aws_route_table",
      "name": "private",
      "provider": "provider[\"registry.terraform.io/hashicorp/aws\"]",
      "instances": [
        {
          "index_key": 0,
          "schema_version": 0,
          "attributes": {
            "arn": "arn:aws:ec2:us-east-1:505609109431:route-table/rtb-07d8a5588b7ea8b64",
            "id": "rtb-07d8a5588b7ea8b64",
            "owner_id": "505609109431",
            "propagating_vgws": [],
            "route": [
              {
                "carrier_gateway_id": "",
                "cidr_block": "0.0.0.0/0",
                "core_network_arn": "",
                "destination_prefix_list_id": "",
                "egress_only_gateway_id": "",
                "gateway_id": "",
                "ipv6_cidr_block": "",
                "local_gateway_id": "",
                "nat_gateway_id": "nat-075a7e04644f25581",
                "network_interface_id": "",
                "transit_gateway_id": "",
                "vpc_endpoint_id": "",
                "vpc_peering_connection_id": ""
              }
            ],
            "tags": {
              "Environment": "sponsor",
              "Name": "fhir-cmc-sponsor-private-rt-1",
              "Project": "fhir-cmc"
            },
            "tags_all": {
              "Environment": "sponsor",
              "Name": "fhir-cmc-sponsor-private-rt-1",
              "Project": "fhir-cmc"
            },
            "timeouts": null,
            "vpc_id": "vpc-03831be4ea84f9c08"
          },
          "sensitive_attributes": [],
          "private": "eyJlMmJmYjczMC1lY2FhLTExZTYtOGY4OC0zNDM2M2JjN2M0YzAiOnsiY3JlYXRlIjozMDAwMDAwMDAwMDAsImRlbGV0ZSI6MzAwMDAwMDAwMDAwLCJ1cGRhdGUiOjEyMDAwMDAwMDAwMH19",
          "dependencies": [
            "module.cognito.aws_cognito_identity_pool.main",
            "module.cognito.aws_cognito_identity_pool_roles_attachment.main",
            "module.cognito.aws_cognito_resource_server.backend",
            "module.cognito.aws_cognito_resource_server.fhir",
            "module.cognito.aws_cognito_user_pool.main",
            "module.cognito.aws_cognito_user_pool_client.backend",
            "module.cognito.aws_cognito_user_pool_client.fhir",
            "module.cognito.aws_cognito_user_pool_client.frontend",
            "module.cognito.aws_cognito_user_pool_domain.main",
            "module.cognito.aws_iam_role.authenticated",
            "module.cognito.aws_iam_role_policy.authenticated",
            "module.cognito.data.aws_region.current",
            "module.network.aws_eip.nat",
            "module.network.aws_internet_gateway.main",
            "module.network.aws_nat_gateway.main",
            "module.network.aws_subnet.public",
            "module.network.aws_vpc.main"
          ]
        },
        {
          "index_key": 1,
          "schema_version": 0,
          "attributes": {
            "arn": "arn:aws:ec2:us-east-1:505609109431:route-table/rtb-03e5e9fab04c9d0f4",
            "id": "rtb-03e5e9fab04c9d0f4",
            "owner_id": "505609109431",
            "propagating_vgws": [],
            "route": [
              {
                "carrier_gateway_id": "",
                "cidr_block": "0.0.0.0/0",
                "core_network_arn": "",
                "destination_prefix_list_id": "",
                "egress_only_gateway_id": "",
                "gateway_id": "",
                "ipv6_cidr_block": "",
                "local_gateway_id": "",
                "nat_gateway_id": "nat-0742a1ad0457fe9ca",
                "network_interface_id": "",
                "transit_gateway_id": "",
                "vpc_endpoint_id": "",
                "vpc_peering_connection_id": ""
              }
            ],
            "tags": {
              "Environment": "sponsor",
              "Name": "fhir-cmc-sponsor-private-rt-2",
              "Project": "fhir-cmc"
            },
            "tags_all": {
              "Environment": "sponsor",
              "Name": "fhir-cmc-sponsor-private-rt-2",
              "Project": "fhir-cmc"
            },
            "timeouts": null,
            "vpc_id": "vpc-03831be4ea84f9c08"
          },
          "sensitive_attributes": [],
          "private": "eyJlMmJmYjczMC1lY2FhLTExZTYtOGY4OC0zNDM2M2JjN2M0YzAiOnsiY3JlYXRlIjozMDAwMDAwMDAwMDAsImRlbGV0ZSI6MzAwMDAwMDAwMDAwLCJ1cGRhdGUiOjEyMDAwMDAwMDAwMH19",
          "dependencies": [
            "module.cognito.aws_cognito_identity_pool.main",
            "module.cognito.aws_cognito_identity_pool_roles_attachment.main",
            "module.cognito.aws_cognito_resource_server.backend",
            "module.cognito.aws_cognito_resource_server.fhir",
            "module.cognito.aws_cognito_user_pool.main",
            "module.cognito.aws_cognito_user_pool_client.backend",
            "module.cognito.aws_cognito_user_pool_client.fhir",
            "module.cognito.aws_cognito_user_pool_client.frontend",
            "module.cognito.aws_cognito_user_pool_domain.main",
            "module.cognito.aws_iam_role.authenticated",
            "module.cognito.aws_iam_role_policy.authenticated",
            "module.cognito.data.aws_region.current",
            "module.network.aws_eip.nat",
            "module.network.aws_internet_gateway.main",
            "module.network.aws_nat_gateway.main",
            "module.network.aws_subnet.public",
            "module.network.aws_vpc.main"
          ]
        }
      ]
    },
    {
      "module": "module.network",
      "mode": "managed",
      "type": "aws_route_table",
      "name": "public",
      "provider": "provider[\"registry.terraform.io/hashicorp/aws\"]",
      "instances": [
        {
          "schema_version": 0,
          "attributes": {
            "arn": "arn:aws:ec2:us-east-1:505609109431:route-table/rtb-0bea5d4730fe8ad66",
            "id": "rtb-0bea5d4730fe8ad66",
            "owner_id": "505609109431",
            "propagating_vgws": [],
            "route": [
              {
                "carrier_gateway_id": "",
                "cidr_block": "0.0.0.0/0",
                "core_network_arn": "",
                "destination_prefix_list_id": "",
                "egress_only_gateway_id": "",
                "gateway_id": "igw-012a6399ece85d0d2",
                "ipv6_cidr_block": "",
                "local_gateway_id": "",
                "nat_gateway_id": "",
                "network_interface_id": "",
                "transit_gateway_id": "",
                "vpc_endpoint_id": "",
                "vpc_peering_connection_id": ""
              }
            ],
            "tags": {
              "Environment": "sponsor",
              "Name": "fhir-cmc-sponsor-public-rt",
              "Project": "fhir-cmc"
            },
            "tags_all": {
              "Environment": "sponsor",
              "Name": "fhir-cmc-sponsor-public-rt",
              "Project": "fhir-cmc"
            },
            "timeouts": null,
            "vpc_id": "vpc-03831be4ea84f9c08"
          },
          "sensitive_attributes": [],
          "private": "eyJlMmJmYjczMC1lY2FhLTExZTYtOGY4OC0zNDM2M2JjN2M0YzAiOnsiY3JlYXRlIjozMDAwMDAwMDAwMDAsImRlbGV0ZSI6MzAwMDAwMDAwMDAwLCJ1cGRhdGUiOjEyMDAwMDAwMDAwMH19",
          "dependencies": [
            "module.cognito.aws_cognito_identity_pool.main",
            "module.cognito.aws_cognito_identity_pool_roles_attachment.main",
            "module.cognito.aws_cognito_resource_server.backend",
            "module.cognito.aws_cognito_resource_server.fhir",
            "module.cognito.aws_cognito_user_pool.main",
            "module.cognito.aws_cognito_user_pool_client.backend",
            "module.cognito.aws_cognito_user_pool_client.fhir",
            "module.cognito.aws_cognito_user_pool_client.frontend",
            "module.cognito.aws_cognito_user_pool_domain.main",
            "module.cognito.aws_iam_role.authenticated",
            "module.cognito.aws_iam_role_policy.authenticated",
            "module.cognito.data.aws_region.current",
            "module.network.aws_internet_gateway.main",
            "module.network.aws_vpc.main"
          ]
        }
      ]
    },
    {
      "module": "module.network",
      "mode": "managed",
      "type": "aws_route_table_association",
      "name": "private",
      "provider": "provider[\"registry.terraform.io/hashicorp/aws\"]",
      "instances": [
        {
          "index_key": 0,
          "schema_version": 0,
          "attributes": {
            "gateway_id": "",
            "id": "rtbassoc-08cb464b01a8c7bab",
            "route_table_id": "rtb-07d8a5588b7ea8b64",
            "subnet_id": "subnet-09ba02f61ae1c5111",
            "timeouts": null
          },
          "sensitive_attributes": [],
          "private": "eyJlMmJmYjczMC1lY2FhLTExZTYtOGY4OC0zNDM2M2JjN2M0YzAiOnsiY3JlYXRlIjozMDAwMDAwMDAwMDAsImRlbGV0ZSI6MzAwMDAwMDAwMDAwLCJ1cGRhdGUiOjEyMDAwMDAwMDAwMH19",
          "dependencies": [
            "module.cognito.aws_cognito_identity_pool.main",
            "module.cognito.aws_cognito_identity_pool_roles_attachment.main",
            "module.cognito.aws_cognito_resource_server.backend",
            "module.cognito.aws_cognito_resource_server.fhir",
            "module.cognito.aws_cognito_user_pool.main",
            "module.cognito.aws_cognito_user_pool_client.backend",
            "module.cognito.aws_cognito_user_pool_client.fhir",
            "module.cognito.aws_cognito_user_pool_client.frontend",
            "module.cognito.aws_cognito_user_pool_domain.main",
            "module.cognito.aws_iam_role.authenticated",
            "module.cognito.aws_iam_role_policy.authenticated",
            "module.cognito.data.aws_region.current",
            "module.network.aws_eip.nat",
            "module.network.aws_internet_gateway.main",
            "module.network.aws_nat_gateway.main",
            "module.network.aws_route_table.private",
            "module.network.aws_subnet.private",
            "module.network.aws_subnet.public",
            "module.network.aws_vpc.main"
          ]
        },
        {
          "index_key": 1,
          "schema_version": 0,
          "attributes": {
            "gateway_id": "",
            "id": "rtbassoc-0648d6798572af84b",
            "route_table_id": "rtb-03e5e9fab04c9d0f4",
            "subnet_id": "subnet-0d71f9671bb10dda4",
            "timeouts": null
          },
          "sensitive_attributes": [],
          "private": "eyJlMmJmYjczMC1lY2FhLTExZTYtOGY4OC0zNDM2M2JjN2M0YzAiOnsiY3JlYXRlIjozMDAwMDAwMDAwMDAsImRlbGV0ZSI6MzAwMDAwMDAwMDAwLCJ1cGRhdGUiOjEyMDAwMDAwMDAwMH19",
          "dependencies": [
            "module.cognito.aws_cognito_identity_pool.main",
            "module.cognito.aws_cognito_identity_pool_roles_attachment.main",
            "module.cognito.aws_cognito_resource_server.backend",
            "module.cognito.aws_cognito_resource_server.fhir",
            "module.cognito.aws_cognito_user_pool.main",
            "module.cognito.aws_cognito_user_pool_client.backend",
            "module.cognito.aws_cognito_user_pool_client.fhir",
            "module.cognito.aws_cognito_user_pool_client.frontend",
            "module.cognito.aws_cognito_user_pool_domain.main",
            "module.cognito.aws_iam_role.authenticated",
            "module.cognito.aws_iam_role_policy.authenticated",
            "module.cognito.data.aws_region.current",
            "module.network.aws_eip.nat",
            "module.network.aws_internet_gateway.main",
            "module.network.aws_nat_gateway.main",
            "module.network.aws_route_table.private",
            "module.network.aws_subnet.private",
            "module.network.aws_subnet.public",
            "module.network.aws_vpc.main"
          ]
        }
      ]
    },
    {
      "module": "module.network",
      "mode": "managed",
      "type": "aws_route_table_association",
      "name": "public",
      "provider": "provider[\"registry.terraform.io/hashicorp/aws\"]",
      "instances": [
        {
          "index_key": 0,
          "schema_version": 0,
          "attributes": {
            "gateway_id": "",
            "id": "rtbassoc-08ad389f6c89337e0",
            "route_table_id": "rtb-0bea5d4730fe8ad66",
            "subnet_id": "subnet-0e246b3ec3216ac13",
            "timeouts": null
          },
          "sensitive_attributes": [],
          "private": "eyJlMmJmYjczMC1lY2FhLTExZTYtOGY4OC0zNDM2M2JjN2M0YzAiOnsiY3JlYXRlIjozMDAwMDAwMDAwMDAsImRlbGV0ZSI6MzAwMDAwMDAwMDAwLCJ1cGRhdGUiOjEyMDAwMDAwMDAwMH19",
          "dependencies": [
            "module.cognito.aws_cognito_identity_pool.main",
            "module.cognito.aws_cognito_identity_pool_roles_attachment.main",
            "module.cognito.aws_cognito_resource_server.backend",
            "module.cognito.aws_cognito_resource_server.fhir",
            "module.cognito.aws_cognito_user_pool.main",
            "module.cognito.aws_cognito_user_pool_client.backend",
            "module.cognito.aws_cognito_user_pool_client.fhir",
            "module.cognito.aws_cognito_user_pool_client.frontend",
            "module.cognito.aws_cognito_user_pool_domain.main",
            "module.cognito.aws_iam_role.authenticated",
            "module.cognito.aws_iam_role_policy.authenticated",
            "module.cognito.data.aws_region.current",
            "module.network.aws_internet_gateway.main",
            "module.network.aws_route_table.public",
            "module.network.aws_subnet.public",
            "module.network.aws_vpc.main"
          ]
        },
        {
          "index_key": 1,
          "schema_version": 0,
          "attributes": {
            "gateway_id": "",
            "id": "rtbassoc-05174964217d28a56",
            "route_table_id": "rtb-0bea5d4730fe8ad66",
            "subnet_id": "subnet-086d2f7993fb8e3fb",
            "timeouts": null
          },
          "sensitive_attributes": [],
          "private": "eyJlMmJmYjczMC1lY2FhLTExZTYtOGY4OC0zNDM2M2JjN2M0YzAiOnsiY3JlYXRlIjozMDAwMDAwMDAwMDAsImRlbGV0ZSI6MzAwMDAwMDAwMDAwLCJ1cGRhdGUiOjEyMDAwMDAwMDAwMH19",
          "dependencies": [
            "module.cognito.aws_cognito_identity_pool.main",
            "module.cognito.aws_cognito_identity_pool_roles_attachment.main",
            "module.cognito.aws_cognito_resource_server.backend",
            "module.cognito.aws_cognito_resource_server.fhir",
            "module.cognito.aws_cognito_user_pool.main",
            "module.cognito.aws_cognito_user_pool_client.backend",
            "module.cognito.aws_cognito_user_pool_client.fhir",
            "module.cognito.aws_cognito_user_pool_client.frontend",
            "module.cognito.aws_cognito_user_pool_domain.main",
            "module.cognito.aws_iam_role.authenticated",
            "module.cognito.aws_iam_role_policy.authenticated",
            "module.cognito.data.aws_region.current",
            "module.network.aws_internet_gateway.main",
            "module.network.aws_route_table.public",
            "module.network.aws_subnet.public",
            "module.network.aws_vpc.main"
          ]
        }
      ]
    },
    {
      "module": "module.network",
      "mode": "managed",
      "type": "aws_security_group",
      "name": "alb",
      "provider": "provider[\"registry.terraform.io/hashicorp/aws\"]",
      "instances": [
        {
          "schema_version": 1,
          "attributes": {
            "arn": "arn:aws:ec2:us-east-1:505609109431:security-group/sg-06ad3218540d0da29",
            "description": "Security group for application load balancer",
            "egress": [
              {
                "cidr_blocks": [
                  "0.0.0.0/0"
                ],
                "description": "",
                "from_port": 0,
                "ipv6_cidr_blocks": [],
                "prefix_list_ids": [],
                "protocol": "-1",
                "security_groups": [],
                "self": false,
                "to_port": 0
              }
            ],
            "id": "sg-06ad3218540d0da29",
            "ingress": [
              {
                "cidr_blocks": [
                  "0.0.0.0/0"
                ],
                "description": "",
                "from_port": 443,
                "ipv6_cidr_blocks": [],
                "prefix_list_ids": [],
                "protocol": "tcp",
                "security_groups": [],
                "self": false,
                "to_port": 443
              },
              {
                "cidr_blocks": [
                  "0.0.0.0/0"
                ],
                "description": "",
                "from_port": 80,
                "ipv6_cidr_blocks": [],
                "prefix_list_ids": [],
                "protocol": "tcp",
                "security_groups": [],
                "self": false,
                "to_port": 80
              },
              {
                "cidr_blocks": [
                  "0.0.0.0/0"
                ],
                "description": "",
                "from_port": 8443,
                "ipv6_cidr_blocks": [],
                "prefix_list_ids": [],
                "protocol": "tcp",
                "security_groups": [],
                "self": false,
                "to_port": 8443
              }
            ],
            "name": "fhir-cmc-sponsor-alb-sg",
            "name_prefix": "",
            "owner_id": "505609109431",
            "revoke_rules_on_delete": false,
            "tags": {
              "Environment": "sponsor",
              "Name": "fhir-cmc-sponsor-alb-sg",
              "Project": "fhir-cmc"
            },
            "tags_all": {
              "Environment": "sponsor",
              "Name": "fhir-cmc-sponsor-alb-sg",
              "Project": "fhir-cmc"
            },
            "timeouts": null,
            "vpc_id": "vpc-03831be4ea84f9c08"
          },
          "sensitive_attributes": [],
          "private": "eyJlMmJmYjczMC1lY2FhLTExZTYtOGY4OC0zNDM2M2JjN2M0YzAiOnsiY3JlYXRlIjo2MDAwMDAwMDAwMDAsImRlbGV0ZSI6OTAwMDAwMDAwMDAwfSwic2NoZW1hX3ZlcnNpb24iOiIxIn0=",
          "dependencies": [
            "module.cognito.aws_cognito_identity_pool.main",
            "module.cognito.aws_cognito_identity_pool_roles_attachment.main",
            "module.cognito.aws_cognito_resource_server.backend",
            "module.cognito.aws_cognito_resource_server.fhir",
            "module.cognito.aws_cognito_user_pool.main",
            "module.cognito.aws_cognito_user_pool_client.backend",
            "module.cognito.aws_cognito_user_pool_client.fhir",
            "module.cognito.aws_cognito_user_pool_client.frontend",
            "module.cognito.aws_cognito_user_pool_domain.main",
            "module.cognito.aws_iam_role.authenticated",
            "module.cognito.aws_iam_role_policy.authenticated",
            "module.cognito.data.aws_region.current",
            "module.network.aws_vpc.main"
          ]
        }
      ]
    },
    {
      "module": "module.network",
      "mode": "managed",
      "type": "aws_security_group",
      "name": "database",
      "provider": "provider[\"registry.terraform.io/hashicorp/aws\"]",
      "instances": [
        {
          "schema_version": 1,
          "attributes": {
            "arn": "arn:aws:ec2:us-east-1:505609109431:security-group/sg-03b3a2e52b67cc9cc",
            "description": "Security group for RDS database",
            "egress": [
              {
                "cidr_blocks": [
                  "0.0.0.0/0"
                ],
                "description": "",
                "from_port": 0,
                "ipv6_cidr_blocks": [],
                "prefix_list_ids": [],
                "protocol": "-1",
                "security_groups": [],
                "self": false,
                "to_port": 0
              }
            ],
            "id": "sg-03b3a2e52b67cc9cc",
            "ingress": [
              {
                "cidr_blocks": [],
                "description": "",
                "from_port": 5432,
                "ipv6_cidr_blocks": [],
                "prefix_list_ids": [],
                "protocol": "tcp",
                "security_groups": [
                  "sg-0b311f41576bf59c6"
                ],
                "self": false,
                "to_port": 5432
              }
            ],
            "name": "fhir-cmc-sponsor-database-sg",
            "name_prefix": "",
            "owner_id": "505609109431",
            "revoke_rules_on_delete": false,
            "tags": {
              "Environment": "sponsor",
              "Name": "fhir-cmc-sponsor-database-sg",
              "Project": "fhir-cmc"
            },
            "tags_all": {
              "Environment": "sponsor",
              "Name": "fhir-cmc-sponsor-database-sg",
              "Project": "fhir-cmc"
            },
            "timeouts": null,
            "vpc_id": "vpc-03831be4ea84f9c08"
          },
          "sensitive_attributes": [],
          "private": "eyJlMmJmYjczMC1lY2FhLTExZTYtOGY4OC0zNDM2M2JjN2M0YzAiOnsiY3JlYXRlIjo2MDAwMDAwMDAwMDAsImRlbGV0ZSI6OTAwMDAwMDAwMDAwfSwic2NoZW1hX3ZlcnNpb24iOiIxIn0=",
          "dependencies": [
            "module.cognito.aws_cognito_identity_pool.main",
            "module.cognito.aws_cognito_identity_pool_roles_attachment.main",
            "module.cognito.aws_cognito_resource_server.backend",
            "module.cognito.aws_cognito_resource_server.fhir",
            "module.cognito.aws_cognito_user_pool.main",
            "module.cognito.aws_cognito_user_pool_client.backend",
            "module.cognito.aws_cognito_user_pool_client.fhir",
            "module.cognito.aws_cognito_user_pool_client.frontend",
            "module.cognito.aws_cognito_user_pool_domain.main",
            "module.cognito.aws_iam_role.authenticated",
            "module.cognito.aws_iam_role_policy.authenticated",
            "module.cognito.data.aws_region.current",
            "module.network.aws_security_group.alb",
            "module.network.aws_security_group.ecs",
            "module.network.aws_vpc.main"
          ]
        }
      ]
    },
    {
      "module": "module.network",
      "mode": "managed",
      "type": "aws_security_group",
      "name": "ecs",
      "provider": "provider[\"registry.terraform.io/hashicorp/aws\"]",
      "instances": [
        {
          "schema_version": 1,
          "attributes": {
            "arn": "arn:aws:ec2:us-east-1:505609109431:security-group/sg-0b311f41576bf59c6",
            "description": "Security group for ECS tasks",
            "egress": [
              {
                "cidr_blocks": [
                  "0.0.0.0/0"
                ],
                "description": "",
                "from_port": 0,
                "ipv6_cidr_blocks": [],
                "prefix_list_ids": [],
                "protocol": "-1",
                "security_groups": [],
                "self": false,
                "to_port": 0
              }
            ],
            "id": "sg-0b311f41576bf59c6",
            "ingress": [
              {
                "cidr_blocks": [],
                "description": "",
                "from_port": 0,
                "ipv6_cidr_blocks": [],
                "prefix_list_ids": [],
                "protocol": "-1",
                "security_groups": [
                  "sg-06ad3218540d0da29"
                ],
                "self": false,
                "to_port": 0
              }
            ],
            "name": "fhir-cmc-sponsor-ecs-sg",
            "name_prefix": "",
            "owner_id": "505609109431",
            "revoke_rules_on_delete": false,
            "tags": {
              "Environment": "sponsor",
              "Name": "fhir-cmc-sponsor-ecs-sg",
              "Project": "fhir-cmc"
            },
            "tags_all": {
              "Environment": "sponsor",
              "Name": "fhir-cmc-sponsor-ecs-sg",
              "Project": "fhir-cmc"
            },
            "timeouts": null,
            "vpc_id": "vpc-03831be4ea84f9c08"
          },
          "sensitive_attributes": [],
          "private": "eyJlMmJmYjczMC1lY2FhLTExZTYtOGY4OC0zNDM2M2JjN2M0YzAiOnsiY3JlYXRlIjo2MDAwMDAwMDAwMDAsImRlbGV0ZSI6OTAwMDAwMDAwMDAwfSwic2NoZW1hX3ZlcnNpb24iOiIxIn0=",
          "dependencies": [
            "module.cognito.aws_cognito_identity_pool.main",
            "module.cognito.aws_cognito_identity_pool_roles_attachment.main",
            "module.cognito.aws_cognito_resource_server.backend",
            "module.cognito.aws_cognito_resource_server.fhir",
            "module.cognito.aws_cognito_user_pool.main",
            "module.cognito.aws_cognito_user_pool_client.backend",
            "module.cognito.aws_cognito_user_pool_client.fhir",
            "module.cognito.aws_cognito_user_pool_client.frontend",
            "module.cognito.aws_cognito_user_pool_domain.main",
            "module.cognito.aws_iam_role.authenticated",
            "module.cognito.aws_iam_role_policy.authenticated",
            "module.cognito.data.aws_region.current",
            "module.network.aws_security_group.alb",
            "module.network.aws_vpc.main"
          ]
        }
      ]
    },
    {
      "module": "module.network",
      "mode": "managed",
      "type": "aws_subnet",
      "name": "database",
      "provider": "provider[\"registry.terraform.io/hashicorp/aws\"]",
      "instances": [
        {
          "index_key": 0,
          "schema_version": 1,
          "attributes": {
            "arn": "arn:aws:ec2:us-east-1:505609109431:subnet/subnet-012bbf51a0f3583f6",
            "assign_ipv6_address_on_creation": false,
            "availability_zone": "us-east-1a",
            "availability_zone_id": "use1-az1",
            "cidr_block": "10.0.4.0/24",
            "customer_owned_ipv4_pool": "",
            "enable_dns64": false,
            "enable_lni_at_device_index": 0,
            "enable_resource_name_dns_a_record_on_launch": false,
            "enable_resource_name_dns_aaaa_record_on_launch": false,
            "id": "subnet-012bbf51a0f3583f6",
            "ipv6_cidr_block": "",
            "ipv6_cidr_block_association_id": "",
            "ipv6_native": false,
            "map_customer_owned_ip_on_launch": false,
            "map_public_ip_on_launch": false,
            "outpost_arn": "",
            "owner_id": "505609109431",
            "private_dns_hostname_type_on_launch": "ip-name",
            "tags": {
              "Environment": "sponsor",
              "Name": "fhir-cmc-sponsor-database-1",
              "Project": "fhir-cmc"
            },
            "tags_all": {
              "Environment": "sponsor",
              "Name": "fhir-cmc-sponsor-database-1",
              "Project": "fhir-cmc"
            },
            "timeouts": null,
            "vpc_id": "vpc-03831be4ea84f9c08"
          },
          "sensitive_attributes": [],
          "private": "eyJlMmJmYjczMC1lY2FhLTExZTYtOGY4OC0zNDM2M2JjN2M0YzAiOnsiY3JlYXRlIjo2MDAwMDAwMDAwMDAsImRlbGV0ZSI6MTIwMDAwMDAwMDAwMH0sInNjaGVtYV92ZXJzaW9uIjoiMSJ9",
          "dependencies": [
            "module.cognito.aws_cognito_identity_pool.main",
            "module.cognito.aws_cognito_identity_pool_roles_attachment.main",
            "module.cognito.aws_cognito_resource_server.backend",
            "module.cognito.aws_cognito_resource_server.fhir",
            "module.cognito.aws_cognito_user_pool.main",
            "module.cognito.aws_cognito_user_pool_client.backend",
            "module.cognito.aws_cognito_user_pool_client.fhir",
            "module.cognito.aws_cognito_user_pool_client.frontend",
            "module.cognito.aws_cognito_user_pool_domain.main",
            "module.cognito.aws_iam_role.authenticated",
            "module.cognito.aws_iam_role_policy.authenticated",
            "module.cognito.data.aws_region.current",
            "module.network.aws_vpc.main"
          ]
        },
        {
          "index_key": 1,
          "schema_version": 1,
          "attributes": {
            "arn": "arn:aws:ec2:us-east-1:505609109431:subnet/subnet-07dfb8835ad3114f2",
            "assign_ipv6_address_on_creation": false,
            "availability_zone": "us-east-1b",
            "availability_zone_id": "use1-az2",
            "cidr_block": "10.0.5.0/24",
            "customer_owned_ipv4_pool": "",
            "enable_dns64": false,
            "enable_lni_at_device_index": 0,
            "enable_resource_name_dns_a_record_on_launch": false,
            "enable_resource_name_dns_aaaa_record_on_launch": false,
            "id": "subnet-07dfb8835ad3114f2",
            "ipv6_cidr_block": "",
            "ipv6_cidr_block_association_id": "",
            "ipv6_native": false,
            "map_customer_owned_ip_on_launch": false,
            "map_public_ip_on_launch": false,
            "outpost_arn": "",
            "owner_id": "505609109431",
            "private_dns_hostname_type_on_launch": "ip-name",
            "tags": {
              "Environment": "sponsor",
              "Name": "fhir-cmc-sponsor-database-2",
              "Project": "fhir-cmc"
            },
            "tags_all": {
              "Environment": "sponsor",
              "Name": "fhir-cmc-sponsor-database-2",
              "Project": "fhir-cmc"
            },
            "timeouts": null,
            "vpc_id": "vpc-03831be4ea84f9c08"
          },
          "sensitive_attributes": [],
          "private": "eyJlMmJmYjczMC1lY2FhLTExZTYtOGY4OC0zNDM2M2JjN2M0YzAiOnsiY3JlYXRlIjo2MDAwMDAwMDAwMDAsImRlbGV0ZSI6MTIwMDAwMDAwMDAwMH0sInNjaGVtYV92ZXJzaW9uIjoiMSJ9",
          "dependencies": [
            "module.cognito.aws_cognito_identity_pool.main",
            "module.cognito.aws_cognito_identity_pool_roles_attachment.main",
            "module.cognito.aws_cognito_resource_server.backend",
            "module.cognito.aws_cognito_resource_server.fhir",
            "module.cognito.aws_cognito_user_pool.main",
            "module.cognito.aws_cognito_user_pool_client.backend",
            "module.cognito.aws_cognito_user_pool_client.fhir",
            "module.cognito.aws_cognito_user_pool_client.frontend",
            "module.cognito.aws_cognito_user_pool_domain.main",
            "module.cognito.aws_iam_role.authenticated",
            "module.cognito.aws_iam_role_policy.authenticated",
            "module.cognito.data.aws_region.current",
            "module.network.aws_vpc.main"
          ]
        }
      ]
    },
    {
      "module": "module.network",
      "mode": "managed",
      "type": "aws_subnet",
      "name": "private",
      "provider": "provider[\"registry.terraform.io/hashicorp/aws\"]",
      "instances": [
        {
          "index_key": 0,
          "schema_version": 1,
          "attributes": {
            "arn": "arn:aws:ec2:us-east-1:505609109431:subnet/subnet-09ba02f61ae1c5111",
            "assign_ipv6_address_on_creation": false,
            "availability_zone": "us-east-1a",
            "availability_zone_id": "use1-az1",
            "cidr_block": "10.0.2.0/24",
            "customer_owned_ipv4_pool": "",
            "enable_dns64": false,
            "enable_lni_at_device_index": 0,
            "enable_resource_name_dns_a_record_on_launch": false,
            "enable_resource_name_dns_aaaa_record_on_launch": false,
            "id": "subnet-09ba02f61ae1c5111",
            "ipv6_cidr_block": "",
            "ipv6_cidr_block_association_id": "",
            "ipv6_native": false,
            "map_customer_owned_ip_on_launch": false,
            "map_public_ip_on_launch": false,
            "outpost_arn": "",
            "owner_id": "505609109431",
            "private_dns_hostname_type_on_launch": "ip-name",
            "tags": {
              "Environment": "sponsor",
              "Name": "fhir-cmc-sponsor-private-1",
              "Project": "fhir-cmc"
            },
            "tags_all": {
              "Environment": "sponsor",
              "Name": "fhir-cmc-sponsor-private-1",
              "Project": "fhir-cmc"
            },
            "timeouts": null,
            "vpc_id": "vpc-03831be4ea84f9c08"
          },
          "sensitive_attributes": [],
          "private": "eyJlMmJmYjczMC1lY2FhLTExZTYtOGY4OC0zNDM2M2JjN2M0YzAiOnsiY3JlYXRlIjo2MDAwMDAwMDAwMDAsImRlbGV0ZSI6MTIwMDAwMDAwMDAwMH0sInNjaGVtYV92ZXJzaW9uIjoiMSJ9",
          "dependencies": [
            "module.cognito.aws_cognito_identity_pool.main",
            "module.cognito.aws_cognito_identity_pool_roles_attachment.main",
            "module.cognito.aws_cognito_resource_server.backend",
            "module.cognito.aws_cognito_resource_server.fhir",
            "module.cognito.aws_cognito_user_pool.main",
            "module.cognito.aws_cognito_user_pool_client.backend",
            "module.cognito.aws_cognito_user_pool_client.fhir",
            "module.cognito.aws_cognito_user_pool_client.frontend",
            "module.cognito.aws_cognito_user_pool_domain.main",
            "module.cognito.aws_iam_role.authenticated",
            "module.cognito.aws_iam_role_policy.authenticated",
            "module.cognito.data.aws_region.current",
            "module.network.aws_vpc.main"
          ]
        },
        {
          "index_key": 1,
          "schema_version": 1,
          "attributes": {
            "arn": "arn:aws:ec2:us-east-1:505609109431:subnet/subnet-0d71f9671bb10dda4",
            "assign_ipv6_address_on_creation": false,
            "availability_zone": "us-east-1b",
            "availability_zone_id": "use1-az2",
            "cidr_block": "10.0.3.0/24",
            "customer_owned_ipv4_pool": "",
            "enable_dns64": false,
            "enable_lni_at_device_index": 0,
            "enable_resource_name_dns_a_record_on_launch": false,
            "enable_resource_name_dns_aaaa_record_on_launch": false,
            "id": "subnet-0d71f9671bb10dda4",
            "ipv6_cidr_block": "",
            "ipv6_cidr_block_association_id": "",
            "ipv6_native": false,
            "map_customer_owned_ip_on_launch": false,
            "map_public_ip_on_launch": false,
            "outpost_arn": "",
            "owner_id": "505609109431",
            "private_dns_hostname_type_on_launch": "ip-name",
            "tags": {
              "Environment": "sponsor",
              "Name": "fhir-cmc-sponsor-private-2",
              "Project": "fhir-cmc"
            },
            "tags_all": {
              "Environment": "sponsor",
              "Name": "fhir-cmc-sponsor-private-2",
              "Project": "fhir-cmc"
            },
            "timeouts": null,
            "vpc_id": "vpc-03831be4ea84f9c08"
          },
          "sensitive_attributes": [],
          "private": "eyJlMmJmYjczMC1lY2FhLTExZTYtOGY4OC0zNDM2M2JjN2M0YzAiOnsiY3JlYXRlIjo2MDAwMDAwMDAwMDAsImRlbGV0ZSI6MTIwMDAwMDAwMDAwMH0sInNjaGVtYV92ZXJzaW9uIjoiMSJ9",
          "dependencies": [
            "module.cognito.aws_cognito_identity_pool.main",
            "module.cognito.aws_cognito_identity_pool_roles_attachment.main",
            "module.cognito.aws_cognito_resource_server.backend",
            "module.cognito.aws_cognito_resource_server.fhir",
            "module.cognito.aws_cognito_user_pool.main",
            "module.cognito.aws_cognito_user_pool_client.backend",
            "module.cognito.aws_cognito_user_pool_client.fhir",
            "module.cognito.aws_cognito_user_pool_client.frontend",
            "module.cognito.aws_cognito_user_pool_domain.main",
            "module.cognito.aws_iam_role.authenticated",
            "module.cognito.aws_iam_role_policy.authenticated",
            "module.cognito.data.aws_region.current",
            "module.network.aws_vpc.main"
          ]
        }
      ]
    },
    {
      "module": "module.network",
      "mode": "managed",
      "type": "aws_subnet",
      "name": "public",
      "provider": "provider[\"registry.terraform.io/hashicorp/aws\"]",
      "instances": [
        {
          "index_key": 0,
          "schema_version": 1,
          "attributes": {
            "arn": "arn:aws:ec2:us-east-1:505609109431:subnet/subnet-0e246b3ec3216ac13",
            "assign_ipv6_address_on_creation": false,
            "availability_zone": "us-east-1a",
            "availability_zone_id": "use1-az1",
            "cidr_block": "10.0.0.0/24",
            "customer_owned_ipv4_pool": "",
            "enable_dns64": false,
            "enable_lni_at_device_index": 0,
            "enable_resource_name_dns_a_record_on_launch": false,
            "enable_resource_name_dns_aaaa_record_on_launch": false,
            "id": "subnet-0e246b3ec3216ac13",
            "ipv6_cidr_block": "",
            "ipv6_cidr_block_association_id": "",
            "ipv6_native": false,
            "map_customer_owned_ip_on_launch": false,
            "map_public_ip_on_launch": false,
            "outpost_arn": "",
            "owner_id": "505609109431",
            "private_dns_hostname_type_on_launch": "ip-name",
            "tags": {
              "Environment": "sponsor",
              "Name": "fhir-cmc-sponsor-public-1",
              "Project": "fhir-cmc"
            },
            "tags_all": {
              "Environment": "sponsor",
              "Name": "fhir-cmc-sponsor-public-1",
              "Project": "fhir-cmc"
            },
            "timeouts": null,
            "vpc_id": "vpc-03831be4ea84f9c08"
          },
          "sensitive_attributes": [],
          "private": "eyJlMmJmYjczMC1lY2FhLTExZTYtOGY4OC0zNDM2M2JjN2M0YzAiOnsiY3JlYXRlIjo2MDAwMDAwMDAwMDAsImRlbGV0ZSI6MTIwMDAwMDAwMDAwMH0sInNjaGVtYV92ZXJzaW9uIjoiMSJ9",
          "dependencies": [
            "module.cognito.aws_cognito_identity_pool.main",
            "module.cognito.aws_cognito_identity_pool_roles_attachment.main",
            "module.cognito.aws_cognito_resource_server.backend",
            "module.cognito.aws_cognito_resource_server.fhir",
            "module.cognito.aws_cognito_user_pool.main",
            "module.cognito.aws_cognito_user_pool_client.backend",
            "module.cognito.aws_cognito_user_pool_client.fhir",
            "module.cognito.aws_cognito_user_pool_client.frontend",
            "module.cognito.aws_cognito_user_pool_domain.main",
            "module.cognito.aws_iam_role.authenticated",
            "module.cognito.aws_iam_role_policy.authenticated",
            "module.cognito.data.aws_region.current",
            "module.network.aws_vpc.main"
          ]
        },
        {
          "index_key": 1,
          "schema_version": 1,
          "attributes": {
            "arn": "arn:aws:ec2:us-east-1:505609109431:subnet/subnet-086d2f7993fb8e3fb",
            "assign_ipv6_address_on_creation": false,
            "availability_zone": "us-east-1b",
            "availability_zone_id": "use1-az2",
            "cidr_block": "10.0.1.0/24",
            "customer_owned_ipv4_pool": "",
            "enable_dns64": false,
            "enable_lni_at_device_index": 0,
            "enable_resource_name_dns_a_record_on_launch": false,
            "enable_resource_name_dns_aaaa_record_on_launch": false,
            "id": "subnet-086d2f7993fb8e3fb",
            "ipv6_cidr_block": "",
            "ipv6_cidr_block_association_id": "",
            "ipv6_native": false,
            "map_customer_owned_ip_on_launch": false,
            "map_public_ip_on_launch": false,
            "outpost_arn": "",
            "owner_id": "505609109431",
            "private_dns_hostname_type_on_launch": "ip-name",
            "tags": {
              "Environment": "sponsor",
              "Name": "fhir-cmc-sponsor-public-2",
              "Project": "fhir-cmc"
            },
            "tags_all": {
              "Environment": "sponsor",
              "Name": "fhir-cmc-sponsor-public-2",
              "Project": "fhir-cmc"
            },
            "timeouts": null,
            "vpc_id": "vpc-03831be4ea84f9c08"
          },
          "sensitive_attributes": [],
          "private": "eyJlMmJmYjczMC1lY2FhLTExZTYtOGY4OC0zNDM2M2JjN2M0YzAiOnsiY3JlYXRlIjo2MDAwMDAwMDAwMDAsImRlbGV0ZSI6MTIwMDAwMDAwMDAwMH0sInNjaGVtYV92ZXJzaW9uIjoiMSJ9",
          "dependencies": [
            "module.cognito.aws_cognito_identity_pool.main",
            "module.cognito.aws_cognito_identity_pool_roles_attachment.main",
            "module.cognito.aws_cognito_resource_server.backend",
            "module.cognito.aws_cognito_resource_server.fhir",
            "module.cognito.aws_cognito_user_pool.main",
            "module.cognito.aws_cognito_user_pool_client.backend",
            "module.cognito.aws_cognito_user_pool_client.fhir",
            "module.cognito.aws_cognito_user_pool_client.frontend",
            "module.cognito.aws_cognito_user_pool_domain.main",
            "module.cognito.aws_iam_role.authenticated",
            "module.cognito.aws_iam_role_policy.authenticated",
            "module.cognito.data.aws_region.current",
            "module.network.aws_vpc.main"
          ]
        }
      ]
    },
    {
      "module": "module.network",
      "mode": "managed",
      "type": "aws_vpc",
      "name": "main",
      "provider": "provider[\"registry.terraform.io/hashicorp/aws\"]",
      "instances": [
        {
          "schema_version": 1,
          "attributes": {
            "arn": "arn:aws:ec2:us-east-1:505609109431:vpc/vpc-03831be4ea84f9c08",
            "assign_generated_ipv6_cidr_block": false,
            "cidr_block": "10.0.0.0/16",
            "default_network_acl_id": "acl-0a087b57ae5d0daeb",
            "default_route_table_id": "rtb-004849798159a3194",
            "default_security_group_id": "sg-0f99fbf0a6e8ba5b6",
            "dhcp_options_id": "dopt-0257c782abd2acf0b",
            "enable_dns_hostnames": true,
            "enable_dns_support": true,
            "enable_network_address_usage_metrics": false,
            "id": "vpc-03831be4ea84f9c08",
            "instance_tenancy": "default",
            "ipv4_ipam_pool_id": null,
            "ipv4_netmask_length": null,
            "ipv6_association_id": "",
            "ipv6_cidr_block": "",
            "ipv6_cidr_block_network_border_group": "",
            "ipv6_ipam_pool_id": "",
            "ipv6_netmask_length": 0,
            "main_route_table_id": "rtb-004849798159a3194",
            "owner_id": "505609109431",
            "tags": {
              "Environment": "sponsor",
              "Name": "fhir-cmc-sponsor-vpc",
              "Project": "fhir-cmc"
            },
            "tags_all": {
              "Environment": "sponsor",
              "Name": "fhir-cmc-sponsor-vpc",
              "Project": "fhir-cmc"
            }
          },
          "sensitive_attributes": [],
          "private": "eyJzY2hlbWFfdmVyc2lvbiI6IjEifQ==",
          "dependencies": [
            "module.cognito.aws_cognito_identity_pool.main",
            "module.cognito.aws_cognito_identity_pool_roles_attachment.main",
            "module.cognito.aws_cognito_resource_server.backend",
            "module.cognito.aws_cognito_resource_server.fhir",
            "module.cognito.aws_cognito_user_pool.main",
            "module.cognito.aws_cognito_user_pool_client.backend",
            "module.cognito.aws_cognito_user_pool_client.fhir",
            "module.cognito.aws_cognito_user_pool_client.frontend",
            "module.cognito.aws_cognito_user_pool_domain.main",
            "module.cognito.aws_iam_role.authenticated",
            "module.cognito.aws_iam_role_policy.authenticated",
            "module.cognito.data.aws_region.current"
          ]
        }
      ]
    }
  ],
  "check_results": null
}
